
Microsoft Visual Studio Solution File, Format Version 12.00
# Visual Studio 2013
VisualStudioVersion = 12.0.21005.1
MinimumVisualStudioVersion = 10.0.40219.1
Project("{FAE04EC0-301F-11D3-BF4B-00C04F79EFBC}") = "Trame", "Trame\Trame.csproj", "{0256AB60-4D96-4A69-9AB9-90DA6ED2AA48}"
EndProject
Project("{FAE04EC0-301F-11D3-BF4B-00C04F79EFBC}") = "TrameRunner", "TrameRunner\TrameRunner.csproj", "{FAAF29C8-4F66-462C-9C88-66FC7CA50AE8}"
EndProject
Project("{FAE04EC0-301F-11D3-BF4B-00C04F79EFBC}") = "TrameUnitTest", "TrameUnitTest\TrameUnitTest.csproj", "{C5AAEEDB-51D2-49DA-855F-10FBD5961145}"
EndProject
Project("{FAE04EC0-301F-11D3-BF4B-00C04F79EFBC}") = "TrameSerialization", "TrameSerialization\TrameSerialization.csproj", "{DB5AECA4-951F-4C19-84E2-9C9E51294F57}"
EndProject
Project("{FAE04EC0-301F-11D3-BF4B-00C04F79EFBC}") = "TrameServer", "TrameServer\TrameServer.csproj", "{787FA0F7-B347-452A-BBE7-8E50F0C6E78C}"
EndProject
Project("{FAE04EC0-301F-11D3-BF4B-00C04F79EFBC}") = "TrameSkeleton", "TrameSkeleton\TrameSkeleton.csproj", "{80826D5E-C20A-4CD1-99CA-39D372AD1D4C}"
EndProject
Project("{2150E333-8FDC-42A3-9474-1A3956D46DE8}") = "Tests", "Tests", "{BD9D33B6-6A09-4DB1-9BBF-60810CB47FB7}"
EndProject
Project("{FAE04EC0-301F-11D3-BF4B-00C04F79EFBC}") = "ConfigFileReader", "..\..\i2e-network-middleware\C#\beardwire\BeardWire\ConfigFileReader\ConfigFileReader.csproj", "{39F1763C-E4C7-4CA3-BBD1-8BAD13BC171B}"
EndProject
Project("{FAE04EC0-301F-11D3-BF4B-00C04F79EFBC}") = "BeardLogger", "..\..\i2e-network-middleware\C#\beardwire\Logging\BeardLogger\BeardLogger\BeardLogger.csproj", "{2625801A-F96A-4B40-B085-2E5256C414E9}"
EndProject
Project("{FAE04EC0-301F-11D3-BF4B-00C04F79EFBC}") = "BeardWire", "..\..\i2e-network-middleware\C#\beardwire\BeardWire\BeardWire\BeardWire.csproj", "{F75C9489-246A-4E7A-93D0-65DD0E71BF39}"
EndProject
Project("{FAE04EC0-301F-11D3-BF4B-00C04F79EFBC}") = "BeardUtilities", "..\..\i2e-network-middleware\C#\beardwire\BeardWire\BeardUtilities\BeardUtilities.csproj", "{813323AE-166D-4CDA-BDF2-669D1D534830}"
EndProject
Project("{FAE04EC0-301F-11D3-BF4B-00C04F79EFBC}") = "TrameService", "TrameService\TrameService.csproj", "{2C12C211-9B4C-4827-80AD-D7425899EAA1}"
EndProject
Project("{FAE04EC0-301F-11D3-BF4B-00C04F79EFBC}") = "TrameNetworkMessages", "TrameNetworkMessages\TrameNetworkMessages.csproj", "{4B86A1B2-B04D-45CC-8694-D821B61A3B4F}"
EndProject
Project("{FAE04EC0-301F-11D3-BF4B-00C04F79EFBC}") = "TrameSkeletonUnitTest", "TrameSkeletonUnitTest\TrameSkeletonUnitTest.csproj", "{F5C25F93-0B0A-4482-B305-4C28448AA55B}"
EndProject
Project("{FAE04EC0-301F-11D3-BF4B-00C04F79EFBC}") = "LeapTest", "LeapTest\LeapTest.csproj", "{66E993B1-682A-4C23-BD17-810B276988D7}"
EndProject
Global
	GlobalSection(SolutionConfigurationPlatforms) = preSolution
		BuildToUnity|Any CPU = BuildToUnity|Any CPU
		BuildToUnity|Mixed Platforms = BuildToUnity|Mixed Platforms
		BuildToUnity|x64 = BuildToUnity|x64
		BuildToUnity|x86 = BuildToUnity|x86
		CoreOnly|Any CPU = CoreOnly|Any CPU
		CoreOnly|Mixed Platforms = CoreOnly|Mixed Platforms
		CoreOnly|x64 = CoreOnly|x64
		CoreOnly|x86 = CoreOnly|x86
		Debug|Any CPU = Debug|Any CPU
		Debug|Mixed Platforms = Debug|Mixed Platforms
		Debug|x64 = Debug|x64
		Debug|x86 = Debug|x86
		iOS|Any CPU = iOS|Any CPU
		iOS|Mixed Platforms = iOS|Mixed Platforms
		iOS|x64 = iOS|x64
		iOS|x86 = iOS|x86
		Release|Any CPU = Release|Any CPU
		Release|Mixed Platforms = Release|Mixed Platforms
		Release|x64 = Release|x64
		Release|x86 = Release|x86
		Unity|Any CPU = Unity|Any CPU
		Unity|Mixed Platforms = Unity|Mixed Platforms
		Unity|x64 = Unity|x64
		Unity|x86 = Unity|x86
	EndGlobalSection
	GlobalSection(ProjectConfigurationPlatforms) = postSolution
		{0256AB60-4D96-4A69-9AB9-90DA6ED2AA48}.BuildToUnity|Any CPU.ActiveCfg = Release|Any CPU
		{0256AB60-4D96-4A69-9AB9-90DA6ED2AA48}.BuildToUnity|Any CPU.Build.0 = Release|Any CPU
		{0256AB60-4D96-4A69-9AB9-90DA6ED2AA48}.BuildToUnity|Mixed Platforms.ActiveCfg = Release|x86
		{0256AB60-4D96-4A69-9AB9-90DA6ED2AA48}.BuildToUnity|Mixed Platforms.Build.0 = Release|x86
		{0256AB60-4D96-4A69-9AB9-90DA6ED2AA48}.BuildToUnity|x64.ActiveCfg = Debug|x64
		{0256AB60-4D96-4A69-9AB9-90DA6ED2AA48}.BuildToUnity|x64.Build.0 = Debug|x64
		{0256AB60-4D96-4A69-9AB9-90DA6ED2AA48}.BuildToUnity|x86.ActiveCfg = Release|x86
		{0256AB60-4D96-4A69-9AB9-90DA6ED2AA48}.BuildToUnity|x86.Build.0 = Release|x86
		{0256AB60-4D96-4A69-9AB9-90DA6ED2AA48}.CoreOnly|Any CPU.ActiveCfg = Release|Any CPU
		{0256AB60-4D96-4A69-9AB9-90DA6ED2AA48}.CoreOnly|Any CPU.Build.0 = Release|Any CPU
		{0256AB60-4D96-4A69-9AB9-90DA6ED2AA48}.CoreOnly|Mixed Platforms.ActiveCfg = Release|x86
		{0256AB60-4D96-4A69-9AB9-90DA6ED2AA48}.CoreOnly|Mixed Platforms.Build.0 = Release|x86
		{0256AB60-4D96-4A69-9AB9-90DA6ED2AA48}.CoreOnly|x64.ActiveCfg = Debug|x64
		{0256AB60-4D96-4A69-9AB9-90DA6ED2AA48}.CoreOnly|x64.Build.0 = Debug|x64
		{0256AB60-4D96-4A69-9AB9-90DA6ED2AA48}.CoreOnly|x86.ActiveCfg = Release|x86
		{0256AB60-4D96-4A69-9AB9-90DA6ED2AA48}.CoreOnly|x86.Build.0 = Release|x86
		{0256AB60-4D96-4A69-9AB9-90DA6ED2AA48}.Debug|Any CPU.ActiveCfg = Debug|Any CPU
		{0256AB60-4D96-4A69-9AB9-90DA6ED2AA48}.Debug|Any CPU.Build.0 = Debug|Any CPU
		{0256AB60-4D96-4A69-9AB9-90DA6ED2AA48}.Debug|Any CPU.Deploy.0 = Debug|Any CPU
		{0256AB60-4D96-4A69-9AB9-90DA6ED2AA48}.Debug|Mixed Platforms.ActiveCfg = Debug|Any CPU
		{0256AB60-4D96-4A69-9AB9-90DA6ED2AA48}.Debug|Mixed Platforms.Build.0 = Debug|Any CPU
		{0256AB60-4D96-4A69-9AB9-90DA6ED2AA48}.Debug|x64.ActiveCfg = Debug|Any CPU
		{0256AB60-4D96-4A69-9AB9-90DA6ED2AA48}.Debug|x64.Build.0 = Debug|Any CPU
		{0256AB60-4D96-4A69-9AB9-90DA6ED2AA48}.Debug|x86.ActiveCfg = Debug|x86
		{0256AB60-4D96-4A69-9AB9-90DA6ED2AA48}.Debug|x86.Build.0 = Debug|x86
		{0256AB60-4D96-4A69-9AB9-90DA6ED2AA48}.iOS|Any CPU.ActiveCfg = Release|Any CPU
		{0256AB60-4D96-4A69-9AB9-90DA6ED2AA48}.iOS|Any CPU.Build.0 = Release|Any CPU
		{0256AB60-4D96-4A69-9AB9-90DA6ED2AA48}.iOS|Mixed Platforms.ActiveCfg = Release|x86
		{0256AB60-4D96-4A69-9AB9-90DA6ED2AA48}.iOS|Mixed Platforms.Build.0 = Release|x86
		{0256AB60-4D96-4A69-9AB9-90DA6ED2AA48}.iOS|x64.ActiveCfg = Debug|x64
		{0256AB60-4D96-4A69-9AB9-90DA6ED2AA48}.iOS|x64.Build.0 = Debug|x64
		{0256AB60-4D96-4A69-9AB9-90DA6ED2AA48}.iOS|x86.ActiveCfg = Release|x86
		{0256AB60-4D96-4A69-9AB9-90DA6ED2AA48}.iOS|x86.Build.0 = Release|x86
		{0256AB60-4D96-4A69-9AB9-90DA6ED2AA48}.Release|Any CPU.ActiveCfg = Release|Any CPU
		{0256AB60-4D96-4A69-9AB9-90DA6ED2AA48}.Release|Any CPU.Build.0 = Release|Any CPU
		{0256AB60-4D96-4A69-9AB9-90DA6ED2AA48}.Release|Mixed Platforms.ActiveCfg = Release|Any CPU
		{0256AB60-4D96-4A69-9AB9-90DA6ED2AA48}.Release|Mixed Platforms.Build.0 = Release|Any CPU
		{0256AB60-4D96-4A69-9AB9-90DA6ED2AA48}.Release|x64.ActiveCfg = Release|x64
		{0256AB60-4D96-4A69-9AB9-90DA6ED2AA48}.Release|x64.Build.0 = Release|x64
		{0256AB60-4D96-4A69-9AB9-90DA6ED2AA48}.Release|x86.ActiveCfg = Release|x86
		{0256AB60-4D96-4A69-9AB9-90DA6ED2AA48}.Release|x86.Build.0 = Release|x86
		{0256AB60-4D96-4A69-9AB9-90DA6ED2AA48}.Unity|Any CPU.ActiveCfg = Release|Any CPU
		{0256AB60-4D96-4A69-9AB9-90DA6ED2AA48}.Unity|Any CPU.Build.0 = Release|Any CPU
		{0256AB60-4D96-4A69-9AB9-90DA6ED2AA48}.Unity|Mixed Platforms.ActiveCfg = Release|x86
		{0256AB60-4D96-4A69-9AB9-90DA6ED2AA48}.Unity|Mixed Platforms.Build.0 = Release|x86
		{0256AB60-4D96-4A69-9AB9-90DA6ED2AA48}.Unity|x64.ActiveCfg = Debug|x64
		{0256AB60-4D96-4A69-9AB9-90DA6ED2AA48}.Unity|x64.Build.0 = Debug|x64
		{0256AB60-4D96-4A69-9AB9-90DA6ED2AA48}.Unity|x86.ActiveCfg = Release|x86
		{0256AB60-4D96-4A69-9AB9-90DA6ED2AA48}.Unity|x86.Build.0 = Release|x86
		{FAAF29C8-4F66-462C-9C88-66FC7CA50AE8}.BuildToUnity|Any CPU.ActiveCfg = Release|Any CPU
		{FAAF29C8-4F66-462C-9C88-66FC7CA50AE8}.BuildToUnity|Any CPU.Build.0 = Release|Any CPU
		{FAAF29C8-4F66-462C-9C88-66FC7CA50AE8}.BuildToUnity|Mixed Platforms.ActiveCfg = Release|x86
		{FAAF29C8-4F66-462C-9C88-66FC7CA50AE8}.BuildToUnity|Mixed Platforms.Build.0 = Release|x86
		{FAAF29C8-4F66-462C-9C88-66FC7CA50AE8}.BuildToUnity|x64.ActiveCfg = Debug|x64
		{FAAF29C8-4F66-462C-9C88-66FC7CA50AE8}.BuildToUnity|x64.Build.0 = Debug|x64
		{FAAF29C8-4F66-462C-9C88-66FC7CA50AE8}.BuildToUnity|x86.ActiveCfg = Release|x86
		{FAAF29C8-4F66-462C-9C88-66FC7CA50AE8}.BuildToUnity|x86.Build.0 = Release|x86
		{FAAF29C8-4F66-462C-9C88-66FC7CA50AE8}.CoreOnly|Any CPU.ActiveCfg = Release|Any CPU
		{FAAF29C8-4F66-462C-9C88-66FC7CA50AE8}.CoreOnly|Any CPU.Build.0 = Release|Any CPU
		{FAAF29C8-4F66-462C-9C88-66FC7CA50AE8}.CoreOnly|Mixed Platforms.ActiveCfg = Release|x86
		{FAAF29C8-4F66-462C-9C88-66FC7CA50AE8}.CoreOnly|Mixed Platforms.Build.0 = Release|x86
		{FAAF29C8-4F66-462C-9C88-66FC7CA50AE8}.CoreOnly|x64.ActiveCfg = Debug|x64
		{FAAF29C8-4F66-462C-9C88-66FC7CA50AE8}.CoreOnly|x64.Build.0 = Debug|x64
		{FAAF29C8-4F66-462C-9C88-66FC7CA50AE8}.CoreOnly|x86.ActiveCfg = Release|x86
		{FAAF29C8-4F66-462C-9C88-66FC7CA50AE8}.CoreOnly|x86.Build.0 = Release|x86
		{FAAF29C8-4F66-462C-9C88-66FC7CA50AE8}.Debug|Any CPU.ActiveCfg = Debug|Any CPU
		{FAAF29C8-4F66-462C-9C88-66FC7CA50AE8}.Debug|Any CPU.Build.0 = Debug|Any CPU
		{FAAF29C8-4F66-462C-9C88-66FC7CA50AE8}.Debug|Mixed Platforms.ActiveCfg = Debug|Any CPU
		{FAAF29C8-4F66-462C-9C88-66FC7CA50AE8}.Debug|Mixed Platforms.Build.0 = Debug|Any CPU
		{FAAF29C8-4F66-462C-9C88-66FC7CA50AE8}.Debug|x64.ActiveCfg = Debug|Any CPU
		{FAAF29C8-4F66-462C-9C88-66FC7CA50AE8}.Debug|x64.Build.0 = Debug|Any CPU
		{FAAF29C8-4F66-462C-9C88-66FC7CA50AE8}.Debug|x86.ActiveCfg = Debug|x86
		{FAAF29C8-4F66-462C-9C88-66FC7CA50AE8}.Debug|x86.Build.0 = Debug|x86
		{FAAF29C8-4F66-462C-9C88-66FC7CA50AE8}.iOS|Any CPU.ActiveCfg = Release|Any CPU
		{FAAF29C8-4F66-462C-9C88-66FC7CA50AE8}.iOS|Any CPU.Build.0 = Release|Any CPU
		{FAAF29C8-4F66-462C-9C88-66FC7CA50AE8}.iOS|Mixed Platforms.ActiveCfg = Release|x86
		{FAAF29C8-4F66-462C-9C88-66FC7CA50AE8}.iOS|Mixed Platforms.Build.0 = Release|x86
		{FAAF29C8-4F66-462C-9C88-66FC7CA50AE8}.iOS|x64.ActiveCfg = Debug|x64
		{FAAF29C8-4F66-462C-9C88-66FC7CA50AE8}.iOS|x64.Build.0 = Debug|x64
		{FAAF29C8-4F66-462C-9C88-66FC7CA50AE8}.iOS|x86.ActiveCfg = Release|x86
		{FAAF29C8-4F66-462C-9C88-66FC7CA50AE8}.iOS|x86.Build.0 = Release|x86
		{FAAF29C8-4F66-462C-9C88-66FC7CA50AE8}.Release|Any CPU.ActiveCfg = Release|Any CPU
		{FAAF29C8-4F66-462C-9C88-66FC7CA50AE8}.Release|Any CPU.Build.0 = Release|Any CPU
		{FAAF29C8-4F66-462C-9C88-66FC7CA50AE8}.Release|Mixed Platforms.ActiveCfg = Release|Any CPU
		{FAAF29C8-4F66-462C-9C88-66FC7CA50AE8}.Release|Mixed Platforms.Build.0 = Release|Any CPU
		{FAAF29C8-4F66-462C-9C88-66FC7CA50AE8}.Release|x64.ActiveCfg = Release|x64
		{FAAF29C8-4F66-462C-9C88-66FC7CA50AE8}.Release|x64.Build.0 = Release|x64
		{FAAF29C8-4F66-462C-9C88-66FC7CA50AE8}.Release|x86.ActiveCfg = Release|x86
		{FAAF29C8-4F66-462C-9C88-66FC7CA50AE8}.Release|x86.Build.0 = Release|x86
		{FAAF29C8-4F66-462C-9C88-66FC7CA50AE8}.Unity|Any CPU.ActiveCfg = Release|Any CPU
		{FAAF29C8-4F66-462C-9C88-66FC7CA50AE8}.Unity|Any CPU.Build.0 = Release|Any CPU
		{FAAF29C8-4F66-462C-9C88-66FC7CA50AE8}.Unity|Mixed Platforms.ActiveCfg = Release|x86
		{FAAF29C8-4F66-462C-9C88-66FC7CA50AE8}.Unity|Mixed Platforms.Build.0 = Release|x86
		{FAAF29C8-4F66-462C-9C88-66FC7CA50AE8}.Unity|x64.ActiveCfg = Debug|x64
		{FAAF29C8-4F66-462C-9C88-66FC7CA50AE8}.Unity|x64.Build.0 = Debug|x64
		{FAAF29C8-4F66-462C-9C88-66FC7CA50AE8}.Unity|x86.ActiveCfg = Release|x86
		{FAAF29C8-4F66-462C-9C88-66FC7CA50AE8}.Unity|x86.Build.0 = Release|x86
		{C5AAEEDB-51D2-49DA-855F-10FBD5961145}.BuildToUnity|Any CPU.ActiveCfg = Release|Any CPU
		{C5AAEEDB-51D2-49DA-855F-10FBD5961145}.BuildToUnity|Any CPU.Build.0 = Release|Any CPU
		{C5AAEEDB-51D2-49DA-855F-10FBD5961145}.BuildToUnity|Mixed Platforms.ActiveCfg = Release|x86
		{C5AAEEDB-51D2-49DA-855F-10FBD5961145}.BuildToUnity|Mixed Platforms.Build.0 = Release|x86
		{C5AAEEDB-51D2-49DA-855F-10FBD5961145}.BuildToUnity|x64.ActiveCfg = Debug|x64
		{C5AAEEDB-51D2-49DA-855F-10FBD5961145}.BuildToUnity|x64.Build.0 = Debug|x64
		{C5AAEEDB-51D2-49DA-855F-10FBD5961145}.BuildToUnity|x86.ActiveCfg = Release|x86
		{C5AAEEDB-51D2-49DA-855F-10FBD5961145}.BuildToUnity|x86.Build.0 = Release|x86
		{C5AAEEDB-51D2-49DA-855F-10FBD5961145}.CoreOnly|Any CPU.ActiveCfg = Release|Any CPU
		{C5AAEEDB-51D2-49DA-855F-10FBD5961145}.CoreOnly|Any CPU.Build.0 = Release|Any CPU
		{C5AAEEDB-51D2-49DA-855F-10FBD5961145}.CoreOnly|Mixed Platforms.ActiveCfg = Release|x86
		{C5AAEEDB-51D2-49DA-855F-10FBD5961145}.CoreOnly|Mixed Platforms.Build.0 = Release|x86
		{C5AAEEDB-51D2-49DA-855F-10FBD5961145}.CoreOnly|x64.ActiveCfg = Debug|x64
		{C5AAEEDB-51D2-49DA-855F-10FBD5961145}.CoreOnly|x64.Build.0 = Debug|x64
		{C5AAEEDB-51D2-49DA-855F-10FBD5961145}.CoreOnly|x86.ActiveCfg = Release|x86
		{C5AAEEDB-51D2-49DA-855F-10FBD5961145}.CoreOnly|x86.Build.0 = Release|x86
		{C5AAEEDB-51D2-49DA-855F-10FBD5961145}.Debug|Any CPU.ActiveCfg = Debug|Any CPU
		{C5AAEEDB-51D2-49DA-855F-10FBD5961145}.Debug|Any CPU.Build.0 = Debug|Any CPU
		{C5AAEEDB-51D2-49DA-855F-10FBD5961145}.Debug|Mixed Platforms.ActiveCfg = Debug|Any CPU
		{C5AAEEDB-51D2-49DA-855F-10FBD5961145}.Debug|Mixed Platforms.Build.0 = Debug|Any CPU
		{C5AAEEDB-51D2-49DA-855F-10FBD5961145}.Debug|x64.ActiveCfg = Debug|Any CPU
		{C5AAEEDB-51D2-49DA-855F-10FBD5961145}.Debug|x64.Build.0 = Debug|Any CPU
		{C5AAEEDB-51D2-49DA-855F-10FBD5961145}.Debug|x86.ActiveCfg = Debug|x86
		{C5AAEEDB-51D2-49DA-855F-10FBD5961145}.Debug|x86.Build.0 = Debug|x86
		{C5AAEEDB-51D2-49DA-855F-10FBD5961145}.iOS|Any CPU.ActiveCfg = Release|Any CPU
		{C5AAEEDB-51D2-49DA-855F-10FBD5961145}.iOS|Any CPU.Build.0 = Release|Any CPU
		{C5AAEEDB-51D2-49DA-855F-10FBD5961145}.iOS|Mixed Platforms.ActiveCfg = Release|x86
		{C5AAEEDB-51D2-49DA-855F-10FBD5961145}.iOS|Mixed Platforms.Build.0 = Release|x86
		{C5AAEEDB-51D2-49DA-855F-10FBD5961145}.iOS|x64.ActiveCfg = Debug|x64
		{C5AAEEDB-51D2-49DA-855F-10FBD5961145}.iOS|x64.Build.0 = Debug|x64
		{C5AAEEDB-51D2-49DA-855F-10FBD5961145}.iOS|x86.ActiveCfg = Release|x86
		{C5AAEEDB-51D2-49DA-855F-10FBD5961145}.iOS|x86.Build.0 = Release|x86
		{C5AAEEDB-51D2-49DA-855F-10FBD5961145}.Release|Any CPU.ActiveCfg = Release|Any CPU
		{C5AAEEDB-51D2-49DA-855F-10FBD5961145}.Release|Any CPU.Build.0 = Release|Any CPU
		{C5AAEEDB-51D2-49DA-855F-10FBD5961145}.Release|Mixed Platforms.ActiveCfg = Release|Any CPU
		{C5AAEEDB-51D2-49DA-855F-10FBD5961145}.Release|Mixed Platforms.Build.0 = Release|Any CPU
		{C5AAEEDB-51D2-49DA-855F-10FBD5961145}.Release|x64.ActiveCfg = Release|x64
		{C5AAEEDB-51D2-49DA-855F-10FBD5961145}.Release|x64.Build.0 = Release|x64
		{C5AAEEDB-51D2-49DA-855F-10FBD5961145}.Release|x86.ActiveCfg = Release|x86
		{C5AAEEDB-51D2-49DA-855F-10FBD5961145}.Release|x86.Build.0 = Release|x86
		{C5AAEEDB-51D2-49DA-855F-10FBD5961145}.Unity|Any CPU.ActiveCfg = Release|Any CPU
		{C5AAEEDB-51D2-49DA-855F-10FBD5961145}.Unity|Any CPU.Build.0 = Release|Any CPU
		{C5AAEEDB-51D2-49DA-855F-10FBD5961145}.Unity|Mixed Platforms.ActiveCfg = Release|x86
		{C5AAEEDB-51D2-49DA-855F-10FBD5961145}.Unity|Mixed Platforms.Build.0 = Release|x86
		{C5AAEEDB-51D2-49DA-855F-10FBD5961145}.Unity|x64.ActiveCfg = Debug|x64
		{C5AAEEDB-51D2-49DA-855F-10FBD5961145}.Unity|x64.Build.0 = Debug|x64
		{C5AAEEDB-51D2-49DA-855F-10FBD5961145}.Unity|x86.ActiveCfg = Release|x86
		{C5AAEEDB-51D2-49DA-855F-10FBD5961145}.Unity|x86.Build.0 = Release|x86
		{DB5AECA4-951F-4C19-84E2-9C9E51294F57}.BuildToUnity|Any CPU.ActiveCfg = Release|Any CPU
		{DB5AECA4-951F-4C19-84E2-9C9E51294F57}.BuildToUnity|Any CPU.Build.0 = Release|Any CPU
		{DB5AECA4-951F-4C19-84E2-9C9E51294F57}.BuildToUnity|Mixed Platforms.ActiveCfg = Release|x86
		{DB5AECA4-951F-4C19-84E2-9C9E51294F57}.BuildToUnity|Mixed Platforms.Build.0 = Release|x86
		{DB5AECA4-951F-4C19-84E2-9C9E51294F57}.BuildToUnity|x64.ActiveCfg = Release|Any CPU
		{DB5AECA4-951F-4C19-84E2-9C9E51294F57}.BuildToUnity|x86.ActiveCfg = Release|x86
		{DB5AECA4-951F-4C19-84E2-9C9E51294F57}.BuildToUnity|x86.Build.0 = Release|x86
		{DB5AECA4-951F-4C19-84E2-9C9E51294F57}.CoreOnly|Any CPU.ActiveCfg = Release|Any CPU
		{DB5AECA4-951F-4C19-84E2-9C9E51294F57}.CoreOnly|Any CPU.Build.0 = Release|Any CPU
		{DB5AECA4-951F-4C19-84E2-9C9E51294F57}.CoreOnly|Mixed Platforms.ActiveCfg = Release|x86
		{DB5AECA4-951F-4C19-84E2-9C9E51294F57}.CoreOnly|Mixed Platforms.Build.0 = Release|x86
		{DB5AECA4-951F-4C19-84E2-9C9E51294F57}.CoreOnly|x64.ActiveCfg = Release|Any CPU
		{DB5AECA4-951F-4C19-84E2-9C9E51294F57}.CoreOnly|x86.ActiveCfg = Release|x86
		{DB5AECA4-951F-4C19-84E2-9C9E51294F57}.CoreOnly|x86.Build.0 = Release|x86
		{DB5AECA4-951F-4C19-84E2-9C9E51294F57}.Debug|Any CPU.ActiveCfg = Debug|Any CPU
		{DB5AECA4-951F-4C19-84E2-9C9E51294F57}.Debug|Any CPU.Build.0 = Debug|Any CPU
		{DB5AECA4-951F-4C19-84E2-9C9E51294F57}.Debug|Mixed Platforms.ActiveCfg = Debug|Any CPU
		{DB5AECA4-951F-4C19-84E2-9C9E51294F57}.Debug|Mixed Platforms.Build.0 = Debug|Any CPU
		{DB5AECA4-951F-4C19-84E2-9C9E51294F57}.Debug|x64.ActiveCfg = Debug|Any CPU
		{DB5AECA4-951F-4C19-84E2-9C9E51294F57}.Debug|x64.Build.0 = Debug|Any CPU
		{DB5AECA4-951F-4C19-84E2-9C9E51294F57}.Debug|x86.ActiveCfg = Debug|x86
		{DB5AECA4-951F-4C19-84E2-9C9E51294F57}.Debug|x86.Build.0 = Debug|x86
		{DB5AECA4-951F-4C19-84E2-9C9E51294F57}.iOS|Any CPU.ActiveCfg = Release|Any CPU
		{DB5AECA4-951F-4C19-84E2-9C9E51294F57}.iOS|Any CPU.Build.0 = Release|Any CPU
		{DB5AECA4-951F-4C19-84E2-9C9E51294F57}.iOS|Mixed Platforms.ActiveCfg = Release|x86
		{DB5AECA4-951F-4C19-84E2-9C9E51294F57}.iOS|Mixed Platforms.Build.0 = Release|x86
		{DB5AECA4-951F-4C19-84E2-9C9E51294F57}.iOS|x64.ActiveCfg = Release|Any CPU
		{DB5AECA4-951F-4C19-84E2-9C9E51294F57}.iOS|x86.ActiveCfg = Release|x86
		{DB5AECA4-951F-4C19-84E2-9C9E51294F57}.iOS|x86.Build.0 = Release|x86
		{DB5AECA4-951F-4C19-84E2-9C9E51294F57}.Release|Any CPU.ActiveCfg = Release|Any CPU
		{DB5AECA4-951F-4C19-84E2-9C9E51294F57}.Release|Any CPU.Build.0 = Release|Any CPU
		{DB5AECA4-951F-4C19-84E2-9C9E51294F57}.Release|Mixed Platforms.ActiveCfg = Release|Any CPU
		{DB5AECA4-951F-4C19-84E2-9C9E51294F57}.Release|Mixed Platforms.Build.0 = Release|Any CPU
		{DB5AECA4-951F-4C19-84E2-9C9E51294F57}.Release|x64.ActiveCfg = Release|Any CPU
		{DB5AECA4-951F-4C19-84E2-9C9E51294F57}.Release|x86.ActiveCfg = Release|x86
		{DB5AECA4-951F-4C19-84E2-9C9E51294F57}.Release|x86.Build.0 = Release|x86
		{DB5AECA4-951F-4C19-84E2-9C9E51294F57}.Unity|Any CPU.ActiveCfg = Release|Any CPU
		{DB5AECA4-951F-4C19-84E2-9C9E51294F57}.Unity|Any CPU.Build.0 = Release|Any CPU
		{DB5AECA4-951F-4C19-84E2-9C9E51294F57}.Unity|Mixed Platforms.ActiveCfg = Release|x86
		{DB5AECA4-951F-4C19-84E2-9C9E51294F57}.Unity|Mixed Platforms.Build.0 = Release|x86
		{DB5AECA4-951F-4C19-84E2-9C9E51294F57}.Unity|x64.ActiveCfg = Release|Any CPU
		{DB5AECA4-951F-4C19-84E2-9C9E51294F57}.Unity|x86.ActiveCfg = Release|x86
		{DB5AECA4-951F-4C19-84E2-9C9E51294F57}.Unity|x86.Build.0 = Release|x86
		{787FA0F7-B347-452A-BBE7-8E50F0C6E78C}.BuildToUnity|Any CPU.ActiveCfg = Release|Any CPU
		{787FA0F7-B347-452A-BBE7-8E50F0C6E78C}.BuildToUnity|Any CPU.Build.0 = Release|Any CPU
		{787FA0F7-B347-452A-BBE7-8E50F0C6E78C}.BuildToUnity|Mixed Platforms.ActiveCfg = Release|x86
		{787FA0F7-B347-452A-BBE7-8E50F0C6E78C}.BuildToUnity|Mixed Platforms.Build.0 = Release|x86
		{787FA0F7-B347-452A-BBE7-8E50F0C6E78C}.BuildToUnity|x64.ActiveCfg = Release|Any CPU
		{787FA0F7-B347-452A-BBE7-8E50F0C6E78C}.BuildToUnity|x86.ActiveCfg = Release|x86
		{787FA0F7-B347-452A-BBE7-8E50F0C6E78C}.BuildToUnity|x86.Build.0 = Release|x86
		{787FA0F7-B347-452A-BBE7-8E50F0C6E78C}.CoreOnly|Any CPU.ActiveCfg = Release|Any CPU
		{787FA0F7-B347-452A-BBE7-8E50F0C6E78C}.CoreOnly|Any CPU.Build.0 = Release|Any CPU
		{787FA0F7-B347-452A-BBE7-8E50F0C6E78C}.CoreOnly|Mixed Platforms.ActiveCfg = Release|x86
		{787FA0F7-B347-452A-BBE7-8E50F0C6E78C}.CoreOnly|Mixed Platforms.Build.0 = Release|x86
		{787FA0F7-B347-452A-BBE7-8E50F0C6E78C}.CoreOnly|x64.ActiveCfg = Release|Any CPU
		{787FA0F7-B347-452A-BBE7-8E50F0C6E78C}.CoreOnly|x86.ActiveCfg = Release|x86
		{787FA0F7-B347-452A-BBE7-8E50F0C6E78C}.CoreOnly|x86.Build.0 = Release|x86
		{787FA0F7-B347-452A-BBE7-8E50F0C6E78C}.Debug|Any CPU.ActiveCfg = Debug|Any CPU
		{787FA0F7-B347-452A-BBE7-8E50F0C6E78C}.Debug|Any CPU.Build.0 = Debug|Any CPU
		{787FA0F7-B347-452A-BBE7-8E50F0C6E78C}.Debug|Mixed Platforms.ActiveCfg = Debug|Any CPU
		{787FA0F7-B347-452A-BBE7-8E50F0C6E78C}.Debug|Mixed Platforms.Build.0 = Debug|Any CPU
		{787FA0F7-B347-452A-BBE7-8E50F0C6E78C}.Debug|x64.ActiveCfg = Debug|Any CPU
		{787FA0F7-B347-452A-BBE7-8E50F0C6E78C}.Debug|x64.Build.0 = Debug|Any CPU
		{787FA0F7-B347-452A-BBE7-8E50F0C6E78C}.Debug|x86.ActiveCfg = Debug|x86
		{787FA0F7-B347-452A-BBE7-8E50F0C6E78C}.Debug|x86.Build.0 = Debug|x86
		{787FA0F7-B347-452A-BBE7-8E50F0C6E78C}.iOS|Any CPU.ActiveCfg = Release|Any CPU
		{787FA0F7-B347-452A-BBE7-8E50F0C6E78C}.iOS|Any CPU.Build.0 = Release|Any CPU
		{787FA0F7-B347-452A-BBE7-8E50F0C6E78C}.iOS|Mixed Platforms.ActiveCfg = Release|x86
		{787FA0F7-B347-452A-BBE7-8E50F0C6E78C}.iOS|Mixed Platforms.Build.0 = Release|x86
		{787FA0F7-B347-452A-BBE7-8E50F0C6E78C}.iOS|x64.ActiveCfg = Release|Any CPU
		{787FA0F7-B347-452A-BBE7-8E50F0C6E78C}.iOS|x86.ActiveCfg = Release|x86
		{787FA0F7-B347-452A-BBE7-8E50F0C6E78C}.iOS|x86.Build.0 = Release|x86
		{787FA0F7-B347-452A-BBE7-8E50F0C6E78C}.Release|Any CPU.ActiveCfg = Release|Any CPU
		{787FA0F7-B347-452A-BBE7-8E50F0C6E78C}.Release|Any CPU.Build.0 = Release|Any CPU
		{787FA0F7-B347-452A-BBE7-8E50F0C6E78C}.Release|Mixed Platforms.ActiveCfg = Release|Any CPU
		{787FA0F7-B347-452A-BBE7-8E50F0C6E78C}.Release|Mixed Platforms.Build.0 = Release|Any CPU
		{787FA0F7-B347-452A-BBE7-8E50F0C6E78C}.Release|x64.ActiveCfg = Release|Any CPU
		{787FA0F7-B347-452A-BBE7-8E50F0C6E78C}.Release|x86.ActiveCfg = Release|x86
		{787FA0F7-B347-452A-BBE7-8E50F0C6E78C}.Release|x86.Build.0 = Release|x86
		{787FA0F7-B347-452A-BBE7-8E50F0C6E78C}.Unity|Any CPU.ActiveCfg = Release|Any CPU
		{787FA0F7-B347-452A-BBE7-8E50F0C6E78C}.Unity|Any CPU.Build.0 = Release|Any CPU
		{787FA0F7-B347-452A-BBE7-8E50F0C6E78C}.Unity|Mixed Platforms.ActiveCfg = Release|x86
		{787FA0F7-B347-452A-BBE7-8E50F0C6E78C}.Unity|Mixed Platforms.Build.0 = Release|x86
		{787FA0F7-B347-452A-BBE7-8E50F0C6E78C}.Unity|x64.ActiveCfg = Release|Any CPU
		{787FA0F7-B347-452A-BBE7-8E50F0C6E78C}.Unity|x86.ActiveCfg = Release|x86
		{787FA0F7-B347-452A-BBE7-8E50F0C6E78C}.Unity|x86.Build.0 = Release|x86
		{80826D5E-C20A-4CD1-99CA-39D372AD1D4C}.BuildToUnity|Any CPU.ActiveCfg = Release|Any CPU
		{80826D5E-C20A-4CD1-99CA-39D372AD1D4C}.BuildToUnity|Any CPU.Build.0 = Release|Any CPU
		{80826D5E-C20A-4CD1-99CA-39D372AD1D4C}.BuildToUnity|Mixed Platforms.ActiveCfg = Release|Any CPU
		{80826D5E-C20A-4CD1-99CA-39D372AD1D4C}.BuildToUnity|Mixed Platforms.Build.0 = Release|Any CPU
		{80826D5E-C20A-4CD1-99CA-39D372AD1D4C}.BuildToUnity|x64.ActiveCfg = Release|Any CPU
		{80826D5E-C20A-4CD1-99CA-39D372AD1D4C}.BuildToUnity|x86.ActiveCfg = Release|Any CPU
		{80826D5E-C20A-4CD1-99CA-39D372AD1D4C}.CoreOnly|Any CPU.ActiveCfg = Release|Any CPU
		{80826D5E-C20A-4CD1-99CA-39D372AD1D4C}.CoreOnly|Any CPU.Build.0 = Release|Any CPU
		{80826D5E-C20A-4CD1-99CA-39D372AD1D4C}.CoreOnly|Mixed Platforms.ActiveCfg = Release|Any CPU
		{80826D5E-C20A-4CD1-99CA-39D372AD1D4C}.CoreOnly|Mixed Platforms.Build.0 = Release|Any CPU
		{80826D5E-C20A-4CD1-99CA-39D372AD1D4C}.CoreOnly|x64.ActiveCfg = Release|Any CPU
		{80826D5E-C20A-4CD1-99CA-39D372AD1D4C}.CoreOnly|x86.ActiveCfg = Release|Any CPU
		{80826D5E-C20A-4CD1-99CA-39D372AD1D4C}.Debug|Any CPU.ActiveCfg = Debug|Any CPU
		{80826D5E-C20A-4CD1-99CA-39D372AD1D4C}.Debug|Any CPU.Build.0 = Debug|Any CPU
		{80826D5E-C20A-4CD1-99CA-39D372AD1D4C}.Debug|Mixed Platforms.ActiveCfg = Debug|Any CPU
		{80826D5E-C20A-4CD1-99CA-39D372AD1D4C}.Debug|Mixed Platforms.Build.0 = Debug|Any CPU
		{80826D5E-C20A-4CD1-99CA-39D372AD1D4C}.Debug|x64.ActiveCfg = Debug|Any CPU
		{80826D5E-C20A-4CD1-99CA-39D372AD1D4C}.Debug|x86.ActiveCfg = Debug|Any CPU
		{80826D5E-C20A-4CD1-99CA-39D372AD1D4C}.iOS|Any CPU.ActiveCfg = Release|Any CPU
		{80826D5E-C20A-4CD1-99CA-39D372AD1D4C}.iOS|Any CPU.Build.0 = Release|Any CPU
		{80826D5E-C20A-4CD1-99CA-39D372AD1D4C}.iOS|Mixed Platforms.ActiveCfg = Release|Any CPU
		{80826D5E-C20A-4CD1-99CA-39D372AD1D4C}.iOS|Mixed Platforms.Build.0 = Release|Any CPU
		{80826D5E-C20A-4CD1-99CA-39D372AD1D4C}.iOS|x64.ActiveCfg = Release|Any CPU
		{80826D5E-C20A-4CD1-99CA-39D372AD1D4C}.iOS|x86.ActiveCfg = Release|Any CPU
		{80826D5E-C20A-4CD1-99CA-39D372AD1D4C}.Release|Any CPU.ActiveCfg = Release|Any CPU
		{80826D5E-C20A-4CD1-99CA-39D372AD1D4C}.Release|Any CPU.Build.0 = Release|Any CPU
		{80826D5E-C20A-4CD1-99CA-39D372AD1D4C}.Release|Mixed Platforms.ActiveCfg = Release|Any CPU
		{80826D5E-C20A-4CD1-99CA-39D372AD1D4C}.Release|Mixed Platforms.Build.0 = Release|Any CPU
		{80826D5E-C20A-4CD1-99CA-39D372AD1D4C}.Release|x64.ActiveCfg = Release|Any CPU
		{80826D5E-C20A-4CD1-99CA-39D372AD1D4C}.Release|x86.ActiveCfg = Release|Any CPU
		{80826D5E-C20A-4CD1-99CA-39D372AD1D4C}.Unity|Any CPU.ActiveCfg = Release|Any CPU
		{80826D5E-C20A-4CD1-99CA-39D372AD1D4C}.Unity|Any CPU.Build.0 = Release|Any CPU
		{80826D5E-C20A-4CD1-99CA-39D372AD1D4C}.Unity|Mixed Platforms.ActiveCfg = Release|Any CPU
		{80826D5E-C20A-4CD1-99CA-39D372AD1D4C}.Unity|Mixed Platforms.Build.0 = Release|Any CPU
		{80826D5E-C20A-4CD1-99CA-39D372AD1D4C}.Unity|x64.ActiveCfg = Release|Any CPU
		{80826D5E-C20A-4CD1-99CA-39D372AD1D4C}.Unity|x86.ActiveCfg = Release|Any CPU
		{39F1763C-E4C7-4CA3-BBD1-8BAD13BC171B}.BuildToUnity|Any CPU.ActiveCfg = UnityDeployment|Any CPU
		{39F1763C-E4C7-4CA3-BBD1-8BAD13BC171B}.BuildToUnity|Any CPU.Build.0 = UnityDeployment|Any CPU
		{39F1763C-E4C7-4CA3-BBD1-8BAD13BC171B}.BuildToUnity|Mixed Platforms.ActiveCfg = UnityDeployment|x86
		{39F1763C-E4C7-4CA3-BBD1-8BAD13BC171B}.BuildToUnity|Mixed Platforms.Build.0 = UnityDeployment|x86
		{39F1763C-E4C7-4CA3-BBD1-8BAD13BC171B}.BuildToUnity|x64.ActiveCfg = UnityDeployment|Any CPU
		{39F1763C-E4C7-4CA3-BBD1-8BAD13BC171B}.BuildToUnity|x86.ActiveCfg = UnityDeployment|x86
		{39F1763C-E4C7-4CA3-BBD1-8BAD13BC171B}.BuildToUnity|x86.Build.0 = UnityDeployment|x86
		{39F1763C-E4C7-4CA3-BBD1-8BAD13BC171B}.CoreOnly|Any CPU.ActiveCfg = Release|Any CPU
		{39F1763C-E4C7-4CA3-BBD1-8BAD13BC171B}.CoreOnly|Any CPU.Build.0 = Release|Any CPU
		{39F1763C-E4C7-4CA3-BBD1-8BAD13BC171B}.CoreOnly|Mixed Platforms.ActiveCfg = Debug|x86
		{39F1763C-E4C7-4CA3-BBD1-8BAD13BC171B}.CoreOnly|Mixed Platforms.Build.0 = Debug|x86
		{39F1763C-E4C7-4CA3-BBD1-8BAD13BC171B}.CoreOnly|x64.ActiveCfg = Debug|Any CPU
		{39F1763C-E4C7-4CA3-BBD1-8BAD13BC171B}.CoreOnly|x86.ActiveCfg = Release|x86
		{39F1763C-E4C7-4CA3-BBD1-8BAD13BC171B}.CoreOnly|x86.Build.0 = Release|x86
		{39F1763C-E4C7-4CA3-BBD1-8BAD13BC171B}.Debug|Any CPU.ActiveCfg = Debug|Any CPU
		{39F1763C-E4C7-4CA3-BBD1-8BAD13BC171B}.Debug|Any CPU.Build.0 = Debug|Any CPU
		{39F1763C-E4C7-4CA3-BBD1-8BAD13BC171B}.Debug|Mixed Platforms.ActiveCfg = Debug|x86
		{39F1763C-E4C7-4CA3-BBD1-8BAD13BC171B}.Debug|Mixed Platforms.Build.0 = Debug|x86
		{39F1763C-E4C7-4CA3-BBD1-8BAD13BC171B}.Debug|x64.ActiveCfg = Debug|Any CPU
		{39F1763C-E4C7-4CA3-BBD1-8BAD13BC171B}.Debug|x86.ActiveCfg = Debug|x86
		{39F1763C-E4C7-4CA3-BBD1-8BAD13BC171B}.Debug|x86.Build.0 = Debug|x86
		{39F1763C-E4C7-4CA3-BBD1-8BAD13BC171B}.iOS|Any CPU.ActiveCfg = Release|Any CPU
		{39F1763C-E4C7-4CA3-BBD1-8BAD13BC171B}.iOS|Any CPU.Build.0 = Release|Any CPU
		{39F1763C-E4C7-4CA3-BBD1-8BAD13BC171B}.iOS|Mixed Platforms.ActiveCfg = Debug|x86
		{39F1763C-E4C7-4CA3-BBD1-8BAD13BC171B}.iOS|Mixed Platforms.Build.0 = Debug|x86
		{39F1763C-E4C7-4CA3-BBD1-8BAD13BC171B}.iOS|x64.ActiveCfg = Debug|Any CPU
		{39F1763C-E4C7-4CA3-BBD1-8BAD13BC171B}.iOS|x86.ActiveCfg = Release|x86
		{39F1763C-E4C7-4CA3-BBD1-8BAD13BC171B}.iOS|x86.Build.0 = Release|x86
		{39F1763C-E4C7-4CA3-BBD1-8BAD13BC171B}.Release|Any CPU.ActiveCfg = Release|Any CPU
		{39F1763C-E4C7-4CA3-BBD1-8BAD13BC171B}.Release|Any CPU.Build.0 = Release|Any CPU
		{39F1763C-E4C7-4CA3-BBD1-8BAD13BC171B}.Release|Mixed Platforms.ActiveCfg = Release|x86
		{39F1763C-E4C7-4CA3-BBD1-8BAD13BC171B}.Release|Mixed Platforms.Build.0 = Release|x86
		{39F1763C-E4C7-4CA3-BBD1-8BAD13BC171B}.Release|x64.ActiveCfg = Release|Any CPU
		{39F1763C-E4C7-4CA3-BBD1-8BAD13BC171B}.Release|x86.ActiveCfg = Release|x86
		{39F1763C-E4C7-4CA3-BBD1-8BAD13BC171B}.Release|x86.Build.0 = Release|x86
		{39F1763C-E4C7-4CA3-BBD1-8BAD13BC171B}.Unity|Any CPU.ActiveCfg = UnityDeployment|Any CPU
		{39F1763C-E4C7-4CA3-BBD1-8BAD13BC171B}.Unity|Any CPU.Build.0 = UnityDeployment|Any CPU
		{39F1763C-E4C7-4CA3-BBD1-8BAD13BC171B}.Unity|Mixed Platforms.ActiveCfg = UnityDeployment|x86
		{39F1763C-E4C7-4CA3-BBD1-8BAD13BC171B}.Unity|Mixed Platforms.Build.0 = UnityDeployment|x86
		{39F1763C-E4C7-4CA3-BBD1-8BAD13BC171B}.Unity|x64.ActiveCfg = UnityDeployment|Any CPU
		{39F1763C-E4C7-4CA3-BBD1-8BAD13BC171B}.Unity|x86.ActiveCfg = UnityDeployment|x86
		{39F1763C-E4C7-4CA3-BBD1-8BAD13BC171B}.Unity|x86.Build.0 = UnityDeployment|x86
		{2625801A-F96A-4B40-B085-2E5256C414E9}.BuildToUnity|Any CPU.ActiveCfg = UnityDeployment|Any CPU
		{2625801A-F96A-4B40-B085-2E5256C414E9}.BuildToUnity|Any CPU.Build.0 = UnityDeployment|Any CPU
		{2625801A-F96A-4B40-B085-2E5256C414E9}.BuildToUnity|Mixed Platforms.ActiveCfg = UnityDeployment|x86
		{2625801A-F96A-4B40-B085-2E5256C414E9}.BuildToUnity|Mixed Platforms.Build.0 = UnityDeployment|x86
		{2625801A-F96A-4B40-B085-2E5256C414E9}.BuildToUnity|x64.ActiveCfg = UnityDeployment|Any CPU
		{2625801A-F96A-4B40-B085-2E5256C414E9}.BuildToUnity|x86.ActiveCfg = UnityDeployment|x86
		{2625801A-F96A-4B40-B085-2E5256C414E9}.BuildToUnity|x86.Build.0 = UnityDeployment|x86
		{2625801A-F96A-4B40-B085-2E5256C414E9}.CoreOnly|Any CPU.ActiveCfg = Release|Any CPU
		{2625801A-F96A-4B40-B085-2E5256C414E9}.CoreOnly|Any CPU.Build.0 = Release|Any CPU
		{2625801A-F96A-4B40-B085-2E5256C414E9}.CoreOnly|Mixed Platforms.ActiveCfg = Debug|x86
		{2625801A-F96A-4B40-B085-2E5256C414E9}.CoreOnly|Mixed Platforms.Build.0 = Debug|x86
		{2625801A-F96A-4B40-B085-2E5256C414E9}.CoreOnly|x64.ActiveCfg = Debug|Any CPU
		{2625801A-F96A-4B40-B085-2E5256C414E9}.CoreOnly|x86.ActiveCfg = Release|x86
		{2625801A-F96A-4B40-B085-2E5256C414E9}.CoreOnly|x86.Build.0 = Release|x86
		{2625801A-F96A-4B40-B085-2E5256C414E9}.Debug|Any CPU.ActiveCfg = Debug|Any CPU
		{2625801A-F96A-4B40-B085-2E5256C414E9}.Debug|Any CPU.Build.0 = Debug|Any CPU
		{2625801A-F96A-4B40-B085-2E5256C414E9}.Debug|Mixed Platforms.ActiveCfg = Debug|x86
		{2625801A-F96A-4B40-B085-2E5256C414E9}.Debug|Mixed Platforms.Build.0 = Debug|x86
		{2625801A-F96A-4B40-B085-2E5256C414E9}.Debug|x64.ActiveCfg = Debug|Any CPU
		{2625801A-F96A-4B40-B085-2E5256C414E9}.Debug|x86.ActiveCfg = Debug|x86
		{2625801A-F96A-4B40-B085-2E5256C414E9}.Debug|x86.Build.0 = Debug|x86
		{2625801A-F96A-4B40-B085-2E5256C414E9}.iOS|Any CPU.ActiveCfg = Release|Any CPU
		{2625801A-F96A-4B40-B085-2E5256C414E9}.iOS|Any CPU.Build.0 = Release|Any CPU
		{2625801A-F96A-4B40-B085-2E5256C414E9}.iOS|Mixed Platforms.ActiveCfg = Debug|x86
		{2625801A-F96A-4B40-B085-2E5256C414E9}.iOS|Mixed Platforms.Build.0 = Debug|x86
		{2625801A-F96A-4B40-B085-2E5256C414E9}.iOS|x64.ActiveCfg = Debug|Any CPU
		{2625801A-F96A-4B40-B085-2E5256C414E9}.iOS|x86.ActiveCfg = Release|x86
		{2625801A-F96A-4B40-B085-2E5256C414E9}.iOS|x86.Build.0 = Release|x86
		{2625801A-F96A-4B40-B085-2E5256C414E9}.Release|Any CPU.ActiveCfg = Release|Any CPU
		{2625801A-F96A-4B40-B085-2E5256C414E9}.Release|Any CPU.Build.0 = Release|Any CPU
		{2625801A-F96A-4B40-B085-2E5256C414E9}.Release|Mixed Platforms.ActiveCfg = Release|x86
		{2625801A-F96A-4B40-B085-2E5256C414E9}.Release|Mixed Platforms.Build.0 = Release|x86
		{2625801A-F96A-4B40-B085-2E5256C414E9}.Release|x64.ActiveCfg = Release|Any CPU
		{2625801A-F96A-4B40-B085-2E5256C414E9}.Release|x86.ActiveCfg = Release|x86
		{2625801A-F96A-4B40-B085-2E5256C414E9}.Release|x86.Build.0 = Release|x86
		{2625801A-F96A-4B40-B085-2E5256C414E9}.Unity|Any CPU.ActiveCfg = UnityDeployment|Any CPU
		{2625801A-F96A-4B40-B085-2E5256C414E9}.Unity|Any CPU.Build.0 = UnityDeployment|Any CPU
		{2625801A-F96A-4B40-B085-2E5256C414E9}.Unity|Mixed Platforms.ActiveCfg = UnityDeployment|x86
		{2625801A-F96A-4B40-B085-2E5256C414E9}.Unity|Mixed Platforms.Build.0 = UnityDeployment|x86
		{2625801A-F96A-4B40-B085-2E5256C414E9}.Unity|x64.ActiveCfg = UnityDeployment|Any CPU
		{2625801A-F96A-4B40-B085-2E5256C414E9}.Unity|x86.ActiveCfg = UnityDeployment|x86
		{2625801A-F96A-4B40-B085-2E5256C414E9}.Unity|x86.Build.0 = UnityDeployment|x86
		{F75C9489-246A-4E7A-93D0-65DD0E71BF39}.BuildToUnity|Any CPU.ActiveCfg = UnityDeployment|Any CPU
		{F75C9489-246A-4E7A-93D0-65DD0E71BF39}.BuildToUnity|Any CPU.Build.0 = UnityDeployment|Any CPU
		{F75C9489-246A-4E7A-93D0-65DD0E71BF39}.BuildToUnity|Mixed Platforms.ActiveCfg = UnityDeployment|x86
		{F75C9489-246A-4E7A-93D0-65DD0E71BF39}.BuildToUnity|Mixed Platforms.Build.0 = UnityDeployment|x86
		{F75C9489-246A-4E7A-93D0-65DD0E71BF39}.BuildToUnity|x64.ActiveCfg = UnityDeployment|Any CPU
		{F75C9489-246A-4E7A-93D0-65DD0E71BF39}.BuildToUnity|x86.ActiveCfg = UnityDeployment|x86
		{F75C9489-246A-4E7A-93D0-65DD0E71BF39}.BuildToUnity|x86.Build.0 = UnityDeployment|x86
		{F75C9489-246A-4E7A-93D0-65DD0E71BF39}.CoreOnly|Any CPU.ActiveCfg = Release|Any CPU
		{F75C9489-246A-4E7A-93D0-65DD0E71BF39}.CoreOnly|Any CPU.Build.0 = Release|Any CPU
		{F75C9489-246A-4E7A-93D0-65DD0E71BF39}.CoreOnly|Mixed Platforms.ActiveCfg = Debug|x86
		{F75C9489-246A-4E7A-93D0-65DD0E71BF39}.CoreOnly|Mixed Platforms.Build.0 = Debug|x86
		{F75C9489-246A-4E7A-93D0-65DD0E71BF39}.CoreOnly|x64.ActiveCfg = Debug|Any CPU
		{F75C9489-246A-4E7A-93D0-65DD0E71BF39}.CoreOnly|x86.ActiveCfg = Release|x86
		{F75C9489-246A-4E7A-93D0-65DD0E71BF39}.CoreOnly|x86.Build.0 = Release|x86
		{F75C9489-246A-4E7A-93D0-65DD0E71BF39}.Debug|Any CPU.ActiveCfg = Debug|Any CPU
		{F75C9489-246A-4E7A-93D0-65DD0E71BF39}.Debug|Any CPU.Build.0 = Debug|Any CPU
		{F75C9489-246A-4E7A-93D0-65DD0E71BF39}.Debug|Mixed Platforms.ActiveCfg = Debug|x86
		{F75C9489-246A-4E7A-93D0-65DD0E71BF39}.Debug|Mixed Platforms.Build.0 = Debug|x86
		{F75C9489-246A-4E7A-93D0-65DD0E71BF39}.Debug|x64.ActiveCfg = Debug|Any CPU
		{F75C9489-246A-4E7A-93D0-65DD0E71BF39}.Debug|x86.ActiveCfg = Debug|x86
		{F75C9489-246A-4E7A-93D0-65DD0E71BF39}.Debug|x86.Build.0 = Debug|x86
		{F75C9489-246A-4E7A-93D0-65DD0E71BF39}.iOS|Any CPU.ActiveCfg = Release|Any CPU
		{F75C9489-246A-4E7A-93D0-65DD0E71BF39}.iOS|Any CPU.Build.0 = Release|Any CPU
		{F75C9489-246A-4E7A-93D0-65DD0E71BF39}.iOS|Mixed Platforms.ActiveCfg = Debug|x86
		{F75C9489-246A-4E7A-93D0-65DD0E71BF39}.iOS|Mixed Platforms.Build.0 = Debug|x86
		{F75C9489-246A-4E7A-93D0-65DD0E71BF39}.iOS|x64.ActiveCfg = Debug|Any CPU
		{F75C9489-246A-4E7A-93D0-65DD0E71BF39}.iOS|x86.ActiveCfg = Release|x86
		{F75C9489-246A-4E7A-93D0-65DD0E71BF39}.iOS|x86.Build.0 = Release|x86
		{F75C9489-246A-4E7A-93D0-65DD0E71BF39}.Release|Any CPU.ActiveCfg = Release|Any CPU
		{F75C9489-246A-4E7A-93D0-65DD0E71BF39}.Release|Any CPU.Build.0 = Release|Any CPU
		{F75C9489-246A-4E7A-93D0-65DD0E71BF39}.Release|Mixed Platforms.ActiveCfg = Release|x86
		{F75C9489-246A-4E7A-93D0-65DD0E71BF39}.Release|Mixed Platforms.Build.0 = Release|x86
		{F75C9489-246A-4E7A-93D0-65DD0E71BF39}.Release|x64.ActiveCfg = Release|Any CPU
		{F75C9489-246A-4E7A-93D0-65DD0E71BF39}.Release|x86.ActiveCfg = Release|x86
		{F75C9489-246A-4E7A-93D0-65DD0E71BF39}.Release|x86.Build.0 = Release|x86
		{F75C9489-246A-4E7A-93D0-65DD0E71BF39}.Unity|Any CPU.ActiveCfg = UnityDeployment|Any CPU
		{F75C9489-246A-4E7A-93D0-65DD0E71BF39}.Unity|Any CPU.Build.0 = UnityDeployment|Any CPU
		{F75C9489-246A-4E7A-93D0-65DD0E71BF39}.Unity|Mixed Platforms.ActiveCfg = UnityDeployment|x86
		{F75C9489-246A-4E7A-93D0-65DD0E71BF39}.Unity|Mixed Platforms.Build.0 = UnityDeployment|x86
		{F75C9489-246A-4E7A-93D0-65DD0E71BF39}.Unity|x64.ActiveCfg = UnityDeployment|Any CPU
		{F75C9489-246A-4E7A-93D0-65DD0E71BF39}.Unity|x86.ActiveCfg = UnityDeployment|x86
		{F75C9489-246A-4E7A-93D0-65DD0E71BF39}.Unity|x86.Build.0 = UnityDeployment|x86
		{813323AE-166D-4CDA-BDF2-669D1D534830}.BuildToUnity|Any CPU.ActiveCfg = Release|Any CPU
		{813323AE-166D-4CDA-BDF2-669D1D534830}.BuildToUnity|Any CPU.Build.0 = Release|Any CPU
		{813323AE-166D-4CDA-BDF2-669D1D534830}.BuildToUnity|Mixed Platforms.ActiveCfg = Debug|Any CPU
		{813323AE-166D-4CDA-BDF2-669D1D534830}.BuildToUnity|Mixed Platforms.Build.0 = Debug|Any CPU
		{813323AE-166D-4CDA-BDF2-669D1D534830}.BuildToUnity|x64.ActiveCfg = Debug|Any CPU
		{813323AE-166D-4CDA-BDF2-669D1D534830}.BuildToUnity|x86.ActiveCfg = Release|Any CPU
		{813323AE-166D-4CDA-BDF2-669D1D534830}.CoreOnly|Any CPU.ActiveCfg = Debug|Any CPU
		{813323AE-166D-4CDA-BDF2-669D1D534830}.CoreOnly|Any CPU.Build.0 = Debug|Any CPU
		{813323AE-166D-4CDA-BDF2-669D1D534830}.CoreOnly|Mixed Platforms.ActiveCfg = Debug|Any CPU
		{813323AE-166D-4CDA-BDF2-669D1D534830}.CoreOnly|Mixed Platforms.Build.0 = Debug|Any CPU
		{813323AE-166D-4CDA-BDF2-669D1D534830}.CoreOnly|x64.ActiveCfg = Debug|Any CPU
		{813323AE-166D-4CDA-BDF2-669D1D534830}.CoreOnly|x86.ActiveCfg = Debug|Any CPU
		{813323AE-166D-4CDA-BDF2-669D1D534830}.Debug|Any CPU.ActiveCfg = Debug|Any CPU
		{813323AE-166D-4CDA-BDF2-669D1D534830}.Debug|Any CPU.Build.0 = Debug|Any CPU
		{813323AE-166D-4CDA-BDF2-669D1D534830}.Debug|Mixed Platforms.ActiveCfg = Debug|Any CPU
		{813323AE-166D-4CDA-BDF2-669D1D534830}.Debug|Mixed Platforms.Build.0 = Debug|Any CPU
		{813323AE-166D-4CDA-BDF2-669D1D534830}.Debug|x64.ActiveCfg = Debug|Any CPU
		{813323AE-166D-4CDA-BDF2-669D1D534830}.Debug|x86.ActiveCfg = Debug|Any CPU
		{813323AE-166D-4CDA-BDF2-669D1D534830}.iOS|Any CPU.ActiveCfg = Debug|Any CPU
		{813323AE-166D-4CDA-BDF2-669D1D534830}.iOS|Any CPU.Build.0 = Debug|Any CPU
		{813323AE-166D-4CDA-BDF2-669D1D534830}.iOS|Mixed Platforms.ActiveCfg = Debug|Any CPU
		{813323AE-166D-4CDA-BDF2-669D1D534830}.iOS|Mixed Platforms.Build.0 = Debug|Any CPU
		{813323AE-166D-4CDA-BDF2-669D1D534830}.iOS|x64.ActiveCfg = Debug|Any CPU
		{813323AE-166D-4CDA-BDF2-669D1D534830}.iOS|x86.ActiveCfg = Debug|Any CPU
		{813323AE-166D-4CDA-BDF2-669D1D534830}.Release|Any CPU.ActiveCfg = Release|Any CPU
		{813323AE-166D-4CDA-BDF2-669D1D534830}.Release|Any CPU.Build.0 = Release|Any CPU
		{813323AE-166D-4CDA-BDF2-669D1D534830}.Release|Mixed Platforms.ActiveCfg = Release|Any CPU
		{813323AE-166D-4CDA-BDF2-669D1D534830}.Release|Mixed Platforms.Build.0 = Release|Any CPU
		{813323AE-166D-4CDA-BDF2-669D1D534830}.Release|x64.ActiveCfg = Release|Any CPU
		{813323AE-166D-4CDA-BDF2-669D1D534830}.Release|x86.ActiveCfg = Release|Any CPU
		{813323AE-166D-4CDA-BDF2-669D1D534830}.Unity|Any CPU.ActiveCfg = Debug|Any CPU
		{813323AE-166D-4CDA-BDF2-669D1D534830}.Unity|Any CPU.Build.0 = Debug|Any CPU
		{813323AE-166D-4CDA-BDF2-669D1D534830}.Unity|Mixed Platforms.ActiveCfg = Debug|Any CPU
		{813323AE-166D-4CDA-BDF2-669D1D534830}.Unity|Mixed Platforms.Build.0 = Debug|Any CPU
		{813323AE-166D-4CDA-BDF2-669D1D534830}.Unity|x64.ActiveCfg = Debug|Any CPU
		{813323AE-166D-4CDA-BDF2-669D1D534830}.Unity|x86.ActiveCfg = Debug|Any CPU
		{2C12C211-9B4C-4827-80AD-D7425899EAA1}.BuildToUnity|Any CPU.ActiveCfg = Release|Any CPU
		{2C12C211-9B4C-4827-80AD-D7425899EAA1}.BuildToUnity|Any CPU.Build.0 = Release|Any CPU
		{2C12C211-9B4C-4827-80AD-D7425899EAA1}.BuildToUnity|Mixed Platforms.ActiveCfg = Release|Any CPU
		{2C12C211-9B4C-4827-80AD-D7425899EAA1}.BuildToUnity|Mixed Platforms.Build.0 = Release|Any CPU
		{2C12C211-9B4C-4827-80AD-D7425899EAA1}.BuildToUnity|x64.ActiveCfg = Release|Any CPU
		{2C12C211-9B4C-4827-80AD-D7425899EAA1}.BuildToUnity|x86.ActiveCfg = Release|Any CPU
		{2C12C211-9B4C-4827-80AD-D7425899EAA1}.CoreOnly|Any CPU.ActiveCfg = Release|Any CPU
		{2C12C211-9B4C-4827-80AD-D7425899EAA1}.CoreOnly|Any CPU.Build.0 = Release|Any CPU
		{2C12C211-9B4C-4827-80AD-D7425899EAA1}.CoreOnly|Mixed Platforms.ActiveCfg = Release|Any CPU
		{2C12C211-9B4C-4827-80AD-D7425899EAA1}.CoreOnly|Mixed Platforms.Build.0 = Release|Any CPU
		{2C12C211-9B4C-4827-80AD-D7425899EAA1}.CoreOnly|x64.ActiveCfg = Release|Any CPU
		{2C12C211-9B4C-4827-80AD-D7425899EAA1}.CoreOnly|x86.ActiveCfg = Release|Any CPU
		{2C12C211-9B4C-4827-80AD-D7425899EAA1}.Debug|Any CPU.ActiveCfg = Debug|Any CPU
		{2C12C211-9B4C-4827-80AD-D7425899EAA1}.Debug|Any CPU.Build.0 = Debug|Any CPU
		{2C12C211-9B4C-4827-80AD-D7425899EAA1}.Debug|Mixed Platforms.ActiveCfg = Debug|Any CPU
		{2C12C211-9B4C-4827-80AD-D7425899EAA1}.Debug|Mixed Platforms.Build.0 = Debug|Any CPU
		{2C12C211-9B4C-4827-80AD-D7425899EAA1}.Debug|x64.ActiveCfg = Debug|Any CPU
		{2C12C211-9B4C-4827-80AD-D7425899EAA1}.Debug|x86.ActiveCfg = Debug|Any CPU
		{2C12C211-9B4C-4827-80AD-D7425899EAA1}.iOS|Any CPU.ActiveCfg = Release|Any CPU
		{2C12C211-9B4C-4827-80AD-D7425899EAA1}.iOS|Any CPU.Build.0 = Release|Any CPU
		{2C12C211-9B4C-4827-80AD-D7425899EAA1}.iOS|Mixed Platforms.ActiveCfg = Release|Any CPU
		{2C12C211-9B4C-4827-80AD-D7425899EAA1}.iOS|Mixed Platforms.Build.0 = Release|Any CPU
		{2C12C211-9B4C-4827-80AD-D7425899EAA1}.iOS|x64.ActiveCfg = Release|Any CPU
		{2C12C211-9B4C-4827-80AD-D7425899EAA1}.iOS|x86.ActiveCfg = Release|Any CPU
		{2C12C211-9B4C-4827-80AD-D7425899EAA1}.Release|Any CPU.ActiveCfg = Release|Any CPU
		{2C12C211-9B4C-4827-80AD-D7425899EAA1}.Release|Any CPU.Build.0 = Release|Any CPU
		{2C12C211-9B4C-4827-80AD-D7425899EAA1}.Release|Mixed Platforms.ActiveCfg = Release|Any CPU
		{2C12C211-9B4C-4827-80AD-D7425899EAA1}.Release|Mixed Platforms.Build.0 = Release|Any CPU
		{2C12C211-9B4C-4827-80AD-D7425899EAA1}.Release|x64.ActiveCfg = Release|Any CPU
		{2C12C211-9B4C-4827-80AD-D7425899EAA1}.Release|x86.ActiveCfg = Release|Any CPU
		{2C12C211-9B4C-4827-80AD-D7425899EAA1}.Unity|Any CPU.ActiveCfg = Release|Any CPU
		{2C12C211-9B4C-4827-80AD-D7425899EAA1}.Unity|Any CPU.Build.0 = Release|Any CPU
		{2C12C211-9B4C-4827-80AD-D7425899EAA1}.Unity|Mixed Platforms.ActiveCfg = Release|Any CPU
		{2C12C211-9B4C-4827-80AD-D7425899EAA1}.Unity|Mixed Platforms.Build.0 = Release|Any CPU
		{2C12C211-9B4C-4827-80AD-D7425899EAA1}.Unity|x64.ActiveCfg = Release|Any CPU
		{2C12C211-9B4C-4827-80AD-D7425899EAA1}.Unity|x86.ActiveCfg = Release|Any CPU
		{4B86A1B2-B04D-45CC-8694-D821B61A3B4F}.BuildToUnity|Any CPU.ActiveCfg = Release|Any CPU
		{4B86A1B2-B04D-45CC-8694-D821B61A3B4F}.BuildToUnity|Any CPU.Build.0 = Release|Any CPU
		{4B86A1B2-B04D-45CC-8694-D821B61A3B4F}.BuildToUnity|Mixed Platforms.ActiveCfg = Release|Any CPU
		{4B86A1B2-B04D-45CC-8694-D821B61A3B4F}.BuildToUnity|Mixed Platforms.Build.0 = Release|Any CPU
		{4B86A1B2-B04D-45CC-8694-D821B61A3B4F}.BuildToUnity|x64.ActiveCfg = Release|Any CPU
		{4B86A1B2-B04D-45CC-8694-D821B61A3B4F}.BuildToUnity|x86.ActiveCfg = Release|Any CPU
		{4B86A1B2-B04D-45CC-8694-D821B61A3B4F}.CoreOnly|Any CPU.ActiveCfg = Release|Any CPU
		{4B86A1B2-B04D-45CC-8694-D821B61A3B4F}.CoreOnly|Any CPU.Build.0 = Release|Any CPU
		{4B86A1B2-B04D-45CC-8694-D821B61A3B4F}.CoreOnly|Mixed Platforms.ActiveCfg = Release|Any CPU
		{4B86A1B2-B04D-45CC-8694-D821B61A3B4F}.CoreOnly|Mixed Platforms.Build.0 = Release|Any CPU
		{4B86A1B2-B04D-45CC-8694-D821B61A3B4F}.CoreOnly|x64.ActiveCfg = Release|Any CPU
		{4B86A1B2-B04D-45CC-8694-D821B61A3B4F}.CoreOnly|x86.ActiveCfg = Release|Any CPU
		{4B86A1B2-B04D-45CC-8694-D821B61A3B4F}.Debug|Any CPU.ActiveCfg = Debug|Any CPU
		{4B86A1B2-B04D-45CC-8694-D821B61A3B4F}.Debug|Any CPU.Build.0 = Debug|Any CPU
		{4B86A1B2-B04D-45CC-8694-D821B61A3B4F}.Debug|Mixed Platforms.ActiveCfg = Debug|Any CPU
		{4B86A1B2-B04D-45CC-8694-D821B61A3B4F}.Debug|Mixed Platforms.Build.0 = Debug|Any CPU
		{4B86A1B2-B04D-45CC-8694-D821B61A3B4F}.Debug|x64.ActiveCfg = Debug|Any CPU
		{4B86A1B2-B04D-45CC-8694-D821B61A3B4F}.Debug|x86.ActiveCfg = Debug|Any CPU
		{4B86A1B2-B04D-45CC-8694-D821B61A3B4F}.iOS|Any CPU.ActiveCfg = Release|Any CPU
		{4B86A1B2-B04D-45CC-8694-D821B61A3B4F}.iOS|Any CPU.Build.0 = Release|Any CPU
		{4B86A1B2-B04D-45CC-8694-D821B61A3B4F}.iOS|Mixed Platforms.ActiveCfg = Release|Any CPU
		{4B86A1B2-B04D-45CC-8694-D821B61A3B4F}.iOS|Mixed Platforms.Build.0 = Release|Any CPU
		{4B86A1B2-B04D-45CC-8694-D821B61A3B4F}.iOS|x64.ActiveCfg = Release|Any CPU
		{4B86A1B2-B04D-45CC-8694-D821B61A3B4F}.iOS|x86.ActiveCfg = Release|Any CPU
		{4B86A1B2-B04D-45CC-8694-D821B61A3B4F}.Release|Any CPU.ActiveCfg = Release|Any CPU
		{4B86A1B2-B04D-45CC-8694-D821B61A3B4F}.Release|Any CPU.Build.0 = Release|Any CPU
		{4B86A1B2-B04D-45CC-8694-D821B61A3B4F}.Release|Mixed Platforms.ActiveCfg = Release|Any CPU
		{4B86A1B2-B04D-45CC-8694-D821B61A3B4F}.Release|Mixed Platforms.Build.0 = Release|Any CPU
		{4B86A1B2-B04D-45CC-8694-D821B61A3B4F}.Release|x64.ActiveCfg = Release|Any CPU
		{4B86A1B2-B04D-45CC-8694-D821B61A3B4F}.Release|x86.ActiveCfg = Release|Any CPU
		{4B86A1B2-B04D-45CC-8694-D821B61A3B4F}.Unity|Any CPU.ActiveCfg = Release|Any CPU
		{4B86A1B2-B04D-45CC-8694-D821B61A3B4F}.Unity|Any CPU.Build.0 = Release|Any CPU
		{4B86A1B2-B04D-45CC-8694-D821B61A3B4F}.Unity|Mixed Platforms.ActiveCfg = Release|Any CPU
		{4B86A1B2-B04D-45CC-8694-D821B61A3B4F}.Unity|Mixed Platforms.Build.0 = Release|Any CPU
		{4B86A1B2-B04D-45CC-8694-D821B61A3B4F}.Unity|x64.ActiveCfg = Release|Any CPU
		{4B86A1B2-B04D-45CC-8694-D821B61A3B4F}.Unity|x86.ActiveCfg = Release|Any CPU
		{F5C25F93-0B0A-4482-B305-4C28448AA55B}.BuildToUnity|Any CPU.ActiveCfg = Release|Any CPU
		{F5C25F93-0B0A-4482-B305-4C28448AA55B}.BuildToUnity|Any CPU.Build.0 = Release|Any CPU
		{F5C25F93-0B0A-4482-B305-4C28448AA55B}.BuildToUnity|Mixed Platforms.ActiveCfg = Release|Any CPU
		{F5C25F93-0B0A-4482-B305-4C28448AA55B}.BuildToUnity|Mixed Platforms.Build.0 = Release|Any CPU
		{F5C25F93-0B0A-4482-B305-4C28448AA55B}.BuildToUnity|x64.ActiveCfg = Release|Any CPU
		{F5C25F93-0B0A-4482-B305-4C28448AA55B}.BuildToUnity|x86.ActiveCfg = Release|Any CPU
		{F5C25F93-0B0A-4482-B305-4C28448AA55B}.CoreOnly|Any CPU.ActiveCfg = Release|Any CPU
		{F5C25F93-0B0A-4482-B305-4C28448AA55B}.CoreOnly|Any CPU.Build.0 = Release|Any CPU
		{F5C25F93-0B0A-4482-B305-4C28448AA55B}.CoreOnly|Mixed Platforms.ActiveCfg = Release|Any CPU
		{F5C25F93-0B0A-4482-B305-4C28448AA55B}.CoreOnly|Mixed Platforms.Build.0 = Release|Any CPU
		{F5C25F93-0B0A-4482-B305-4C28448AA55B}.CoreOnly|x64.ActiveCfg = Release|Any CPU
		{F5C25F93-0B0A-4482-B305-4C28448AA55B}.CoreOnly|x86.ActiveCfg = Release|Any CPU
		{F5C25F93-0B0A-4482-B305-4C28448AA55B}.Debug|Any CPU.ActiveCfg = Debug|Any CPU
		{F5C25F93-0B0A-4482-B305-4C28448AA55B}.Debug|Any CPU.Build.0 = Debug|Any CPU
		{F5C25F93-0B0A-4482-B305-4C28448AA55B}.Debug|Mixed Platforms.ActiveCfg = Debug|Any CPU
		{F5C25F93-0B0A-4482-B305-4C28448AA55B}.Debug|Mixed Platforms.Build.0 = Debug|Any CPU
		{F5C25F93-0B0A-4482-B305-4C28448AA55B}.Debug|x64.ActiveCfg = Debug|Any CPU
		{F5C25F93-0B0A-4482-B305-4C28448AA55B}.Debug|x86.ActiveCfg = Debug|Any CPU
		{F5C25F93-0B0A-4482-B305-4C28448AA55B}.iOS|Any CPU.ActiveCfg = Release|Any CPU
		{F5C25F93-0B0A-4482-B305-4C28448AA55B}.iOS|Any CPU.Build.0 = Release|Any CPU
		{F5C25F93-0B0A-4482-B305-4C28448AA55B}.iOS|Mixed Platforms.ActiveCfg = Release|Any CPU
		{F5C25F93-0B0A-4482-B305-4C28448AA55B}.iOS|Mixed Platforms.Build.0 = Release|Any CPU
		{F5C25F93-0B0A-4482-B305-4C28448AA55B}.iOS|x64.ActiveCfg = Release|Any CPU
		{F5C25F93-0B0A-4482-B305-4C28448AA55B}.iOS|x86.ActiveCfg = Release|Any CPU
		{F5C25F93-0B0A-4482-B305-4C28448AA55B}.Release|Any CPU.ActiveCfg = Release|Any CPU
		{F5C25F93-0B0A-4482-B305-4C28448AA55B}.Release|Any CPU.Build.0 = Release|Any CPU
		{F5C25F93-0B0A-4482-B305-4C28448AA55B}.Release|Mixed Platforms.ActiveCfg = Release|Any CPU
		{F5C25F93-0B0A-4482-B305-4C28448AA55B}.Release|Mixed Platforms.Build.0 = Release|Any CPU
		{F5C25F93-0B0A-4482-B305-4C28448AA55B}.Release|x64.ActiveCfg = Release|Any CPU
		{F5C25F93-0B0A-4482-B305-4C28448AA55B}.Release|x86.ActiveCfg = Release|Any CPU
		{F5C25F93-0B0A-4482-B305-4C28448AA55B}.Unity|Any CPU.ActiveCfg = Release|Any CPU
		{F5C25F93-0B0A-4482-B305-4C28448AA55B}.Unity|Any CPU.Build.0 = Release|Any CPU
		{F5C25F93-0B0A-4482-B305-4C28448AA55B}.Unity|Mixed Platforms.ActiveCfg = Release|Any CPU
		{F5C25F93-0B0A-4482-B305-4C28448AA55B}.Unity|Mixed Platforms.Build.0 = Release|Any CPU
		{F5C25F93-0B0A-4482-B305-4C28448AA55B}.Unity|x64.ActiveCfg = Release|Any CPU
		{F5C25F93-0B0A-4482-B305-4C28448AA55B}.Unity|x86.ActiveCfg = Release|Any CPU
		{66E993B1-682A-4C23-BD17-810B276988D7}.BuildToUnity|Any CPU.ActiveCfg = Release|Any CPU
		{66E993B1-682A-4C23-BD17-810B276988D7}.BuildToUnity|Any CPU.Build.0 = Release|Any CPU
		{66E993B1-682A-4C23-BD17-810B276988D7}.BuildToUnity|Mixed Platforms.ActiveCfg = Release|Any CPU
		{66E993B1-682A-4C23-BD17-810B276988D7}.BuildToUnity|Mixed Platforms.Build.0 = Release|Any CPU
		{66E993B1-682A-4C23-BD17-810B276988D7}.BuildToUnity|x64.ActiveCfg = Release|Any CPU
		{66E993B1-682A-4C23-BD17-810B276988D7}.BuildToUnity|x86.ActiveCfg = Release|Any CPU
		{66E993B1-682A-4C23-BD17-810B276988D7}.CoreOnly|Any CPU.ActiveCfg = Release|Any CPU
		{66E993B1-682A-4C23-BD17-810B276988D7}.CoreOnly|Any CPU.Build.0 = Release|Any CPU
		{66E993B1-682A-4C23-BD17-810B276988D7}.CoreOnly|Mixed Platforms.ActiveCfg = Release|Any CPU
		{66E993B1-682A-4C23-BD17-810B276988D7}.CoreOnly|Mixed Platforms.Build.0 = Release|Any CPU
		{66E993B1-682A-4C23-BD17-810B276988D7}.CoreOnly|x64.ActiveCfg = Release|Any CPU
		{66E993B1-682A-4C23-BD17-810B276988D7}.CoreOnly|x86.ActiveCfg = Release|Any CPU
		{66E993B1-682A-4C23-BD17-810B276988D7}.Debug|Any CPU.ActiveCfg = Debug|Any CPU
		{66E993B1-682A-4C23-BD17-810B276988D7}.Debug|Any CPU.Build.0 = Debug|Any CPU
		{66E993B1-682A-4C23-BD17-810B276988D7}.Debug|Mixed Platforms.ActiveCfg = Debug|Any CPU
		{66E993B1-682A-4C23-BD17-810B276988D7}.Debug|Mixed Platforms.Build.0 = Debug|Any CPU
		{66E993B1-682A-4C23-BD17-810B276988D7}.Debug|x64.ActiveCfg = Debug|Any CPU
		{66E993B1-682A-4C23-BD17-810B276988D7}.Debug|x86.ActiveCfg = Debug|Any CPU
		{66E993B1-682A-4C23-BD17-810B276988D7}.iOS|Any CPU.ActiveCfg = Release|Any CPU
		{66E993B1-682A-4C23-BD17-810B276988D7}.iOS|Any CPU.Build.0 = Release|Any CPU
		{66E993B1-682A-4C23-BD17-810B276988D7}.iOS|Mixed Platforms.ActiveCfg = Release|Any CPU
		{66E993B1-682A-4C23-BD17-810B276988D7}.iOS|Mixed Platforms.Build.0 = Release|Any CPU
		{66E993B1-682A-4C23-BD17-810B276988D7}.iOS|x64.ActiveCfg = Release|Any CPU
		{66E993B1-682A-4C23-BD17-810B276988D7}.iOS|x86.ActiveCfg = Release|Any CPU
		{66E993B1-682A-4C23-BD17-810B276988D7}.Release|Any CPU.ActiveCfg = Release|Any CPU
		{66E993B1-682A-4C23-BD17-810B276988D7}.Release|Any CPU.Build.0 = Release|Any CPU
		{66E993B1-682A-4C23-BD17-810B276988D7}.Release|Mixed Platforms.ActiveCfg = Release|Any CPU
		{66E993B1-682A-4C23-BD17-810B276988D7}.Release|Mixed Platforms.Build.0 = Release|Any CPU
		{66E993B1-682A-4C23-BD17-810B276988D7}.Release|x64.ActiveCfg = Release|Any CPU
		{66E993B1-682A-4C23-BD17-810B276988D7}.Release|x86.ActiveCfg = Release|Any CPU
		{66E993B1-682A-4C23-BD17-810B276988D7}.Unity|Any CPU.ActiveCfg = Release|Any CPU
		{66E993B1-682A-4C23-BD17-810B276988D7}.Unity|Any CPU.Build.0 = Release|Any CPU
		{66E993B1-682A-4C23-BD17-810B276988D7}.Unity|Mixed Platforms.ActiveCfg = Release|Any CPU
		{66E993B1-682A-4C23-BD17-810B276988D7}.Unity|Mixed Platforms.Build.0 = Release|Any CPU
		{66E993B1-682A-4C23-BD17-810B276988D7}.Unity|x64.ActiveCfg = Release|Any CPU
		{66E993B1-682A-4C23-BD17-810B276988D7}.Unity|x86.ActiveCfg = Release|Any CPU
	EndGlobalSection
	GlobalSection(SolutionProperties) = preSolution
		HideSolutionNode = FALSE
	EndGlobalSection
	GlobalSection(NestedProjects) = preSolution
		{C5AAEEDB-51D2-49DA-855F-10FBD5961145} = {BD9D33B6-6A09-4DB1-9BBF-60810CB47FB7}
		{F5C25F93-0B0A-4482-B305-4C28448AA55B} = {BD9D33B6-6A09-4DB1-9BBF-60810CB47FB7}
		{66E993B1-682A-4C23-BD17-810B276988D7} = {BD9D33B6-6A09-4DB1-9BBF-60810CB47FB7}
	EndGlobalSection
EndGlobal
