
Microsoft Visual Studio Solution File, Format Version 12.00
# Visual Studio 2013
VisualStudioVersion = 12.0.21005.1
MinimumVisualStudioVersion = 10.0.40219.1
Project("{FAE04EC0-301F-11D3-BF4B-00C04F79EFBC}") = "Trame", "Trame\Trame.csproj", "{0256AB60-4D96-4A69-9AB9-90DA6ED2AA48}"
EndProject
Project("{FAE04EC0-301F-11D3-BF4B-00C04F79EFBC}") = "TrameUnitTest", "TrameUnitTest\TrameUnitTest.csproj", "{C5AAEEDB-51D2-49DA-855F-10FBD5961145}"
EndProject
Project("{FAE04EC0-301F-11D3-BF4B-00C04F79EFBC}") = "TrameSkeleton", "TrameSkeleton\TrameSkeleton.csproj", "{80826D5E-C20A-4CD1-99CA-39D372AD1D4C}"
EndProject
Project("{2150E333-8FDC-42A3-9474-1A3956D46DE8}") = "Tests", "Tests", "{BD9D33B6-6A09-4DB1-9BBF-60810CB47FB7}"
EndProject
Project("{FAE04EC0-301F-11D3-BF4B-00C04F79EFBC}") = "TrameSkeletonUnitTest", "TrameSkeletonUnitTest\TrameSkeletonUnitTest.csproj", "{F5C25F93-0B0A-4482-B305-4C28448AA55B}"
EndProject
Project("{FAE04EC0-301F-11D3-BF4B-00C04F79EFBC}") = "LeapTest", "LeapTest\LeapTest.csproj", "{66E993B1-682A-4C23-BD17-810B276988D7}"
EndProject
Global
	GlobalSection(SolutionConfigurationPlatforms) = preSolution
		BuildToUnity|Any CPU = BuildToUnity|Any CPU
		BuildToUnity|Mixed Platforms = BuildToUnity|Mixed Platforms
		BuildToUnity|x64 = BuildToUnity|x64
		BuildToUnity|x86 = BuildToUnity|x86
		CoreOnly|Any CPU = CoreOnly|Any CPU
		CoreOnly|Mixed Platforms = CoreOnly|Mixed Platforms
		CoreOnly|x64 = CoreOnly|x64
		CoreOnly|x86 = CoreOnly|x86
		Debug|Any CPU = Debug|Any CPU
		Debug|Mixed Platforms = Debug|Mixed Platforms
		Debug|x64 = Debug|x64
		Debug|x86 = Debug|x86
		iOS|Any CPU = iOS|Any CPU
		iOS|Mixed Platforms = iOS|Mixed Platforms
		iOS|x64 = iOS|x64
		iOS|x86 = iOS|x86
		Release|Any CPU = Release|Any CPU
		Release|Mixed Platforms = Release|Mixed Platforms
		Release|x64 = Release|x64
		Release|x86 = Release|x86
		Unity|Any CPU = Unity|Any CPU
		Unity|Mixed Platforms = Unity|Mixed Platforms
		Unity|x64 = Unity|x64
		Unity|x86 = Unity|x86
		UnityDeployment|Any CPU = UnityDeployment|Any CPU
		UnityDeployment|Mixed Platforms = UnityDeployment|Mixed Platforms
		UnityDeployment|x64 = UnityDeployment|x64
		UnityDeployment|x86 = UnityDeployment|x86
	EndGlobalSection
	GlobalSection(ProjectConfigurationPlatforms) = postSolution
		{0256AB60-4D96-4A69-9AB9-90DA6ED2AA48}.BuildToUnity|Any CPU.ActiveCfg = Release|Any CPU
		{0256AB60-4D96-4A69-9AB9-90DA6ED2AA48}.BuildToUnity|Any CPU.Build.0 = Release|Any CPU
		{0256AB60-4D96-4A69-9AB9-90DA6ED2AA48}.BuildToUnity|Mixed Platforms.ActiveCfg = Release|x86
		{0256AB60-4D96-4A69-9AB9-90DA6ED2AA48}.BuildToUnity|Mixed Platforms.Build.0 = Release|x86
		{0256AB60-4D96-4A69-9AB9-90DA6ED2AA48}.BuildToUnity|x64.ActiveCfg = Debug|x64
		{0256AB60-4D96-4A69-9AB9-90DA6ED2AA48}.BuildToUnity|x64.Build.0 = Debug|x64
		{0256AB60-4D96-4A69-9AB9-90DA6ED2AA48}.BuildToUnity|x86.ActiveCfg = Release|x86
		{0256AB60-4D96-4A69-9AB9-90DA6ED2AA48}.BuildToUnity|x86.Build.0 = Release|x86
		{0256AB60-4D96-4A69-9AB9-90DA6ED2AA48}.CoreOnly|Any CPU.ActiveCfg = Release|Any CPU
		{0256AB60-4D96-4A69-9AB9-90DA6ED2AA48}.CoreOnly|Any CPU.Build.0 = Release|Any CPU
		{0256AB60-4D96-4A69-9AB9-90DA6ED2AA48}.CoreOnly|Mixed Platforms.ActiveCfg = Release|x86
		{0256AB60-4D96-4A69-9AB9-90DA6ED2AA48}.CoreOnly|Mixed Platforms.Build.0 = Release|x86
		{0256AB60-4D96-4A69-9AB9-90DA6ED2AA48}.CoreOnly|x64.ActiveCfg = Debug|x64
		{0256AB60-4D96-4A69-9AB9-90DA6ED2AA48}.CoreOnly|x64.Build.0 = Debug|x64
		{0256AB60-4D96-4A69-9AB9-90DA6ED2AA48}.CoreOnly|x86.ActiveCfg = Release|x86
		{0256AB60-4D96-4A69-9AB9-90DA6ED2AA48}.CoreOnly|x86.Build.0 = Release|x86
		{0256AB60-4D96-4A69-9AB9-90DA6ED2AA48}.Debug|Any CPU.ActiveCfg = Debug|Any CPU
		{0256AB60-4D96-4A69-9AB9-90DA6ED2AA48}.Debug|Any CPU.Build.0 = Debug|Any CPU
		{0256AB60-4D96-4A69-9AB9-90DA6ED2AA48}.Debug|Any CPU.Deploy.0 = Debug|Any CPU
		{0256AB60-4D96-4A69-9AB9-90DA6ED2AA48}.Debug|Mixed Platforms.ActiveCfg = Debug|Any CPU
		{0256AB60-4D96-4A69-9AB9-90DA6ED2AA48}.Debug|Mixed Platforms.Build.0 = Debug|Any CPU
		{0256AB60-4D96-4A69-9AB9-90DA6ED2AA48}.Debug|x64.ActiveCfg = Debug|Any CPU
		{0256AB60-4D96-4A69-9AB9-90DA6ED2AA48}.Debug|x64.Build.0 = Debug|Any CPU
		{0256AB60-4D96-4A69-9AB9-90DA6ED2AA48}.Debug|x86.ActiveCfg = Debug|x86
		{0256AB60-4D96-4A69-9AB9-90DA6ED2AA48}.Debug|x86.Build.0 = Debug|x86
		{0256AB60-4D96-4A69-9AB9-90DA6ED2AA48}.iOS|Any CPU.ActiveCfg = Release|Any CPU
		{0256AB60-4D96-4A69-9AB9-90DA6ED2AA48}.iOS|Any CPU.Build.0 = Release|Any CPU
		{0256AB60-4D96-4A69-9AB9-90DA6ED2AA48}.iOS|Mixed Platforms.ActiveCfg = Release|x86
		{0256AB60-4D96-4A69-9AB9-90DA6ED2AA48}.iOS|Mixed Platforms.Build.0 = Release|x86
		{0256AB60-4D96-4A69-9AB9-90DA6ED2AA48}.iOS|x64.ActiveCfg = Debug|x64
		{0256AB60-4D96-4A69-9AB9-90DA6ED2AA48}.iOS|x64.Build.0 = Debug|x64
		{0256AB60-4D96-4A69-9AB9-90DA6ED2AA48}.iOS|x86.ActiveCfg = Release|x86
		{0256AB60-4D96-4A69-9AB9-90DA6ED2AA48}.iOS|x86.Build.0 = Release|x86
		{0256AB60-4D96-4A69-9AB9-90DA6ED2AA48}.Release|Any CPU.ActiveCfg = Release|Any CPU
		{0256AB60-4D96-4A69-9AB9-90DA6ED2AA48}.Release|Any CPU.Build.0 = Release|Any CPU
		{0256AB60-4D96-4A69-9AB9-90DA6ED2AA48}.Release|Mixed Platforms.ActiveCfg = Release|Any CPU
		{0256AB60-4D96-4A69-9AB9-90DA6ED2AA48}.Release|Mixed Platforms.Build.0 = Release|Any CPU
		{0256AB60-4D96-4A69-9AB9-90DA6ED2AA48}.Release|x64.ActiveCfg = Release|x64
		{0256AB60-4D96-4A69-9AB9-90DA6ED2AA48}.Release|x64.Build.0 = Release|x64
		{0256AB60-4D96-4A69-9AB9-90DA6ED2AA48}.Release|x86.ActiveCfg = Release|x86
		{0256AB60-4D96-4A69-9AB9-90DA6ED2AA48}.Release|x86.Build.0 = Release|x86
		{0256AB60-4D96-4A69-9AB9-90DA6ED2AA48}.Unity|Any CPU.ActiveCfg = Release|Any CPU
		{0256AB60-4D96-4A69-9AB9-90DA6ED2AA48}.Unity|Any CPU.Build.0 = Release|Any CPU
		{0256AB60-4D96-4A69-9AB9-90DA6ED2AA48}.Unity|Mixed Platforms.ActiveCfg = Release|x86
		{0256AB60-4D96-4A69-9AB9-90DA6ED2AA48}.Unity|Mixed Platforms.Build.0 = Release|x86
		{0256AB60-4D96-4A69-9AB9-90DA6ED2AA48}.Unity|x64.ActiveCfg = Debug|x64
		{0256AB60-4D96-4A69-9AB9-90DA6ED2AA48}.Unity|x64.Build.0 = Debug|x64
		{0256AB60-4D96-4A69-9AB9-90DA6ED2AA48}.Unity|x86.ActiveCfg = Release|x86
		{0256AB60-4D96-4A69-9AB9-90DA6ED2AA48}.Unity|x86.Build.0 = Release|x86
		{0256AB60-4D96-4A69-9AB9-90DA6ED2AA48}.UnityDeployment|Any CPU.ActiveCfg = DeployToUnity|Any CPU
		{0256AB60-4D96-4A69-9AB9-90DA6ED2AA48}.UnityDeployment|Any CPU.Build.0 = DeployToUnity|Any CPU
		{0256AB60-4D96-4A69-9AB9-90DA6ED2AA48}.UnityDeployment|Mixed Platforms.ActiveCfg = DeployToUnity|x86
		{0256AB60-4D96-4A69-9AB9-90DA6ED2AA48}.UnityDeployment|Mixed Platforms.Build.0 = DeployToUnity|x86
		{0256AB60-4D96-4A69-9AB9-90DA6ED2AA48}.UnityDeployment|x64.ActiveCfg = DeployToUnity|x64
		{0256AB60-4D96-4A69-9AB9-90DA6ED2AA48}.UnityDeployment|x64.Build.0 = DeployToUnity|x64
		{0256AB60-4D96-4A69-9AB9-90DA6ED2AA48}.UnityDeployment|x86.ActiveCfg = DeployToUnity|x86
		{0256AB60-4D96-4A69-9AB9-90DA6ED2AA48}.UnityDeployment|x86.Build.0 = DeployToUnity|x86
		{C5AAEEDB-51D2-49DA-855F-10FBD5961145}.BuildToUnity|Any CPU.ActiveCfg = Release|Any CPU
		{C5AAEEDB-51D2-49DA-855F-10FBD5961145}.BuildToUnity|Any CPU.Build.0 = Release|Any CPU
		{C5AAEEDB-51D2-49DA-855F-10FBD5961145}.BuildToUnity|Mixed Platforms.ActiveCfg = Release|x86
		{C5AAEEDB-51D2-49DA-855F-10FBD5961145}.BuildToUnity|Mixed Platforms.Build.0 = Release|x86
		{C5AAEEDB-51D2-49DA-855F-10FBD5961145}.BuildToUnity|x64.ActiveCfg = Debug|x64
		{C5AAEEDB-51D2-49DA-855F-10FBD5961145}.BuildToUnity|x64.Build.0 = Debug|x64
		{C5AAEEDB-51D2-49DA-855F-10FBD5961145}.BuildToUnity|x86.ActiveCfg = Release|x86
		{C5AAEEDB-51D2-49DA-855F-10FBD5961145}.BuildToUnity|x86.Build.0 = Release|x86
		{C5AAEEDB-51D2-49DA-855F-10FBD5961145}.CoreOnly|Any CPU.ActiveCfg = Release|Any CPU
		{C5AAEEDB-51D2-49DA-855F-10FBD5961145}.CoreOnly|Any CPU.Build.0 = Release|Any CPU
		{C5AAEEDB-51D2-49DA-855F-10FBD5961145}.CoreOnly|Mixed Platforms.ActiveCfg = Release|x86
		{C5AAEEDB-51D2-49DA-855F-10FBD5961145}.CoreOnly|Mixed Platforms.Build.0 = Release|x86
		{C5AAEEDB-51D2-49DA-855F-10FBD5961145}.CoreOnly|x64.ActiveCfg = Debug|x64
		{C5AAEEDB-51D2-49DA-855F-10FBD5961145}.CoreOnly|x64.Build.0 = Debug|x64
		{C5AAEEDB-51D2-49DA-855F-10FBD5961145}.CoreOnly|x86.ActiveCfg = Release|x86
		{C5AAEEDB-51D2-49DA-855F-10FBD5961145}.CoreOnly|x86.Build.0 = Release|x86
		{C5AAEEDB-51D2-49DA-855F-10FBD5961145}.Debug|Any CPU.ActiveCfg = Debug|Any CPU
		{C5AAEEDB-51D2-49DA-855F-10FBD5961145}.Debug|Any CPU.Build.0 = Debug|Any CPU
		{C5AAEEDB-51D2-49DA-855F-10FBD5961145}.Debug|Mixed Platforms.ActiveCfg = Debug|Any CPU
		{C5AAEEDB-51D2-49DA-855F-10FBD5961145}.Debug|Mixed Platforms.Build.0 = Debug|Any CPU
		{C5AAEEDB-51D2-49DA-855F-10FBD5961145}.Debug|x64.ActiveCfg = Debug|Any CPU
		{C5AAEEDB-51D2-49DA-855F-10FBD5961145}.Debug|x64.Build.0 = Debug|Any CPU
		{C5AAEEDB-51D2-49DA-855F-10FBD5961145}.Debug|x86.ActiveCfg = Debug|x86
		{C5AAEEDB-51D2-49DA-855F-10FBD5961145}.Debug|x86.Build.0 = Debug|x86
		{C5AAEEDB-51D2-49DA-855F-10FBD5961145}.iOS|Any CPU.ActiveCfg = Release|Any CPU
		{C5AAEEDB-51D2-49DA-855F-10FBD5961145}.iOS|Any CPU.Build.0 = Release|Any CPU
		{C5AAEEDB-51D2-49DA-855F-10FBD5961145}.iOS|Mixed Platforms.ActiveCfg = Release|x86
		{C5AAEEDB-51D2-49DA-855F-10FBD5961145}.iOS|Mixed Platforms.Build.0 = Release|x86
		{C5AAEEDB-51D2-49DA-855F-10FBD5961145}.iOS|x64.ActiveCfg = Debug|x64
		{C5AAEEDB-51D2-49DA-855F-10FBD5961145}.iOS|x64.Build.0 = Debug|x64
		{C5AAEEDB-51D2-49DA-855F-10FBD5961145}.iOS|x86.ActiveCfg = Release|x86
		{C5AAEEDB-51D2-49DA-855F-10FBD5961145}.iOS|x86.Build.0 = Release|x86
		{C5AAEEDB-51D2-49DA-855F-10FBD5961145}.Release|Any CPU.ActiveCfg = Release|Any CPU
		{C5AAEEDB-51D2-49DA-855F-10FBD5961145}.Release|Any CPU.Build.0 = Release|Any CPU
		{C5AAEEDB-51D2-49DA-855F-10FBD5961145}.Release|Mixed Platforms.ActiveCfg = Release|Any CPU
		{C5AAEEDB-51D2-49DA-855F-10FBD5961145}.Release|Mixed Platforms.Build.0 = Release|Any CPU
		{C5AAEEDB-51D2-49DA-855F-10FBD5961145}.Release|x64.ActiveCfg = Release|x64
		{C5AAEEDB-51D2-49DA-855F-10FBD5961145}.Release|x64.Build.0 = Release|x64
		{C5AAEEDB-51D2-49DA-855F-10FBD5961145}.Release|x86.ActiveCfg = Release|x86
		{C5AAEEDB-51D2-49DA-855F-10FBD5961145}.Release|x86.Build.0 = Release|x86
		{C5AAEEDB-51D2-49DA-855F-10FBD5961145}.Unity|Any CPU.ActiveCfg = Release|Any CPU
		{C5AAEEDB-51D2-49DA-855F-10FBD5961145}.Unity|Any CPU.Build.0 = Release|Any CPU
		{C5AAEEDB-51D2-49DA-855F-10FBD5961145}.Unity|Mixed Platforms.ActiveCfg = Release|x86
		{C5AAEEDB-51D2-49DA-855F-10FBD5961145}.Unity|Mixed Platforms.Build.0 = Release|x86
		{C5AAEEDB-51D2-49DA-855F-10FBD5961145}.Unity|x64.ActiveCfg = Debug|x64
		{C5AAEEDB-51D2-49DA-855F-10FBD5961145}.Unity|x64.Build.0 = Debug|x64
		{C5AAEEDB-51D2-49DA-855F-10FBD5961145}.Unity|x86.ActiveCfg = Release|x86
		{C5AAEEDB-51D2-49DA-855F-10FBD5961145}.Unity|x86.Build.0 = Release|x86
		{C5AAEEDB-51D2-49DA-855F-10FBD5961145}.UnityDeployment|Any CPU.ActiveCfg = DeployToUnity|Any CPU
		{C5AAEEDB-51D2-49DA-855F-10FBD5961145}.UnityDeployment|Any CPU.Build.0 = DeployToUnity|Any CPU
		{C5AAEEDB-51D2-49DA-855F-10FBD5961145}.UnityDeployment|Mixed Platforms.ActiveCfg = DeployToUnity|x86
		{C5AAEEDB-51D2-49DA-855F-10FBD5961145}.UnityDeployment|Mixed Platforms.Build.0 = DeployToUnity|x86
		{C5AAEEDB-51D2-49DA-855F-10FBD5961145}.UnityDeployment|x64.ActiveCfg = DeployToUnity|x64
		{C5AAEEDB-51D2-49DA-855F-10FBD5961145}.UnityDeployment|x64.Build.0 = DeployToUnity|x64
		{C5AAEEDB-51D2-49DA-855F-10FBD5961145}.UnityDeployment|x86.ActiveCfg = DeployToUnity|x86
		{C5AAEEDB-51D2-49DA-855F-10FBD5961145}.UnityDeployment|x86.Build.0 = DeployToUnity|x86
		{80826D5E-C20A-4CD1-99CA-39D372AD1D4C}.BuildToUnity|Any CPU.ActiveCfg = Release|Any CPU
		{80826D5E-C20A-4CD1-99CA-39D372AD1D4C}.BuildToUnity|Any CPU.Build.0 = Release|Any CPU
		{80826D5E-C20A-4CD1-99CA-39D372AD1D4C}.BuildToUnity|Mixed Platforms.ActiveCfg = Release|Any CPU
		{80826D5E-C20A-4CD1-99CA-39D372AD1D4C}.BuildToUnity|Mixed Platforms.Build.0 = Release|Any CPU
		{80826D5E-C20A-4CD1-99CA-39D372AD1D4C}.BuildToUnity|x64.ActiveCfg = Release|Any CPU
		{80826D5E-C20A-4CD1-99CA-39D372AD1D4C}.BuildToUnity|x86.ActiveCfg = Release|Any CPU
		{80826D5E-C20A-4CD1-99CA-39D372AD1D4C}.CoreOnly|Any CPU.ActiveCfg = Release|Any CPU
		{80826D5E-C20A-4CD1-99CA-39D372AD1D4C}.CoreOnly|Any CPU.Build.0 = Release|Any CPU
		{80826D5E-C20A-4CD1-99CA-39D372AD1D4C}.CoreOnly|Mixed Platforms.ActiveCfg = Release|Any CPU
		{80826D5E-C20A-4CD1-99CA-39D372AD1D4C}.CoreOnly|Mixed Platforms.Build.0 = Release|Any CPU
		{80826D5E-C20A-4CD1-99CA-39D372AD1D4C}.CoreOnly|x64.ActiveCfg = Release|Any CPU
		{80826D5E-C20A-4CD1-99CA-39D372AD1D4C}.CoreOnly|x86.ActiveCfg = Release|Any CPU
		{80826D5E-C20A-4CD1-99CA-39D372AD1D4C}.Debug|Any CPU.ActiveCfg = Debug|Any CPU
		{80826D5E-C20A-4CD1-99CA-39D372AD1D4C}.Debug|Any CPU.Build.0 = Debug|Any CPU
		{80826D5E-C20A-4CD1-99CA-39D372AD1D4C}.Debug|Mixed Platforms.ActiveCfg = Debug|Any CPU
		{80826D5E-C20A-4CD1-99CA-39D372AD1D4C}.Debug|Mixed Platforms.Build.0 = Debug|Any CPU
		{80826D5E-C20A-4CD1-99CA-39D372AD1D4C}.Debug|x64.ActiveCfg = Debug|Any CPU
		{80826D5E-C20A-4CD1-99CA-39D372AD1D4C}.Debug|x86.ActiveCfg = Debug|x86
		{80826D5E-C20A-4CD1-99CA-39D372AD1D4C}.Debug|x86.Build.0 = Debug|x86
		{80826D5E-C20A-4CD1-99CA-39D372AD1D4C}.iOS|Any CPU.ActiveCfg = Release|Any CPU
		{80826D5E-C20A-4CD1-99CA-39D372AD1D4C}.iOS|Any CPU.Build.0 = Release|Any CPU
		{80826D5E-C20A-4CD1-99CA-39D372AD1D4C}.iOS|Mixed Platforms.ActiveCfg = Release|Any CPU
		{80826D5E-C20A-4CD1-99CA-39D372AD1D4C}.iOS|Mixed Platforms.Build.0 = Release|Any CPU
		{80826D5E-C20A-4CD1-99CA-39D372AD1D4C}.iOS|x64.ActiveCfg = Release|Any CPU
		{80826D5E-C20A-4CD1-99CA-39D372AD1D4C}.iOS|x86.ActiveCfg = Release|Any CPU
		{80826D5E-C20A-4CD1-99CA-39D372AD1D4C}.Release|Any CPU.ActiveCfg = Release|Any CPU
		{80826D5E-C20A-4CD1-99CA-39D372AD1D4C}.Release|Any CPU.Build.0 = Release|Any CPU
		{80826D5E-C20A-4CD1-99CA-39D372AD1D4C}.Release|Mixed Platforms.ActiveCfg = Release|Any CPU
		{80826D5E-C20A-4CD1-99CA-39D372AD1D4C}.Release|Mixed Platforms.Build.0 = Release|Any CPU
		{80826D5E-C20A-4CD1-99CA-39D372AD1D4C}.Release|x64.ActiveCfg = Release|Any CPU
		{80826D5E-C20A-4CD1-99CA-39D372AD1D4C}.Release|x86.ActiveCfg = Release|Any CPU
		{80826D5E-C20A-4CD1-99CA-39D372AD1D4C}.Unity|Any CPU.ActiveCfg = Release|Any CPU
		{80826D5E-C20A-4CD1-99CA-39D372AD1D4C}.Unity|Any CPU.Build.0 = Release|Any CPU
		{80826D5E-C20A-4CD1-99CA-39D372AD1D4C}.Unity|Mixed Platforms.ActiveCfg = Release|Any CPU
		{80826D5E-C20A-4CD1-99CA-39D372AD1D4C}.Unity|Mixed Platforms.Build.0 = Release|Any CPU
		{80826D5E-C20A-4CD1-99CA-39D372AD1D4C}.Unity|x64.ActiveCfg = Release|Any CPU
		{80826D5E-C20A-4CD1-99CA-39D372AD1D4C}.Unity|x86.ActiveCfg = Release|Any CPU
		{80826D5E-C20A-4CD1-99CA-39D372AD1D4C}.UnityDeployment|Any CPU.ActiveCfg = DeployToUnity|Any CPU
		{80826D5E-C20A-4CD1-99CA-39D372AD1D4C}.UnityDeployment|Any CPU.Build.0 = DeployToUnity|Any CPU
		{80826D5E-C20A-4CD1-99CA-39D372AD1D4C}.UnityDeployment|Mixed Platforms.ActiveCfg = DeployToUnity|x86
		{80826D5E-C20A-4CD1-99CA-39D372AD1D4C}.UnityDeployment|Mixed Platforms.Build.0 = DeployToUnity|x86
		{80826D5E-C20A-4CD1-99CA-39D372AD1D4C}.UnityDeployment|x64.ActiveCfg = DeployToUnity|Any CPU
		{80826D5E-C20A-4CD1-99CA-39D372AD1D4C}.UnityDeployment|x86.ActiveCfg = DeployToUnity|x86
		{80826D5E-C20A-4CD1-99CA-39D372AD1D4C}.UnityDeployment|x86.Build.0 = DeployToUnity|x86
		{F5C25F93-0B0A-4482-B305-4C28448AA55B}.BuildToUnity|Any CPU.ActiveCfg = Release|Any CPU
		{F5C25F93-0B0A-4482-B305-4C28448AA55B}.BuildToUnity|Any CPU.Build.0 = Release|Any CPU
		{F5C25F93-0B0A-4482-B305-4C28448AA55B}.BuildToUnity|Mixed Platforms.ActiveCfg = Release|Any CPU
		{F5C25F93-0B0A-4482-B305-4C28448AA55B}.BuildToUnity|Mixed Platforms.Build.0 = Release|Any CPU
		{F5C25F93-0B0A-4482-B305-4C28448AA55B}.BuildToUnity|x64.ActiveCfg = Release|Any CPU
		{F5C25F93-0B0A-4482-B305-4C28448AA55B}.BuildToUnity|x86.ActiveCfg = Release|Any CPU
		{F5C25F93-0B0A-4482-B305-4C28448AA55B}.CoreOnly|Any CPU.ActiveCfg = Release|Any CPU
		{F5C25F93-0B0A-4482-B305-4C28448AA55B}.CoreOnly|Any CPU.Build.0 = Release|Any CPU
		{F5C25F93-0B0A-4482-B305-4C28448AA55B}.CoreOnly|Mixed Platforms.ActiveCfg = Release|Any CPU
		{F5C25F93-0B0A-4482-B305-4C28448AA55B}.CoreOnly|Mixed Platforms.Build.0 = Release|Any CPU
		{F5C25F93-0B0A-4482-B305-4C28448AA55B}.CoreOnly|x64.ActiveCfg = Release|Any CPU
		{F5C25F93-0B0A-4482-B305-4C28448AA55B}.CoreOnly|x86.ActiveCfg = Release|Any CPU
		{F5C25F93-0B0A-4482-B305-4C28448AA55B}.Debug|Any CPU.ActiveCfg = Debug|Any CPU
		{F5C25F93-0B0A-4482-B305-4C28448AA55B}.Debug|Any CPU.Build.0 = Debug|Any CPU
		{F5C25F93-0B0A-4482-B305-4C28448AA55B}.Debug|Mixed Platforms.ActiveCfg = Debug|Any CPU
		{F5C25F93-0B0A-4482-B305-4C28448AA55B}.Debug|Mixed Platforms.Build.0 = Debug|Any CPU
		{F5C25F93-0B0A-4482-B305-4C28448AA55B}.Debug|x64.ActiveCfg = Debug|Any CPU
		{F5C25F93-0B0A-4482-B305-4C28448AA55B}.Debug|x86.ActiveCfg = Debug|Any CPU
		{F5C25F93-0B0A-4482-B305-4C28448AA55B}.iOS|Any CPU.ActiveCfg = Release|Any CPU
		{F5C25F93-0B0A-4482-B305-4C28448AA55B}.iOS|Any CPU.Build.0 = Release|Any CPU
		{F5C25F93-0B0A-4482-B305-4C28448AA55B}.iOS|Mixed Platforms.ActiveCfg = Release|Any CPU
		{F5C25F93-0B0A-4482-B305-4C28448AA55B}.iOS|Mixed Platforms.Build.0 = Release|Any CPU
		{F5C25F93-0B0A-4482-B305-4C28448AA55B}.iOS|x64.ActiveCfg = Release|Any CPU
		{F5C25F93-0B0A-4482-B305-4C28448AA55B}.iOS|x86.ActiveCfg = Release|Any CPU
		{F5C25F93-0B0A-4482-B305-4C28448AA55B}.Release|Any CPU.ActiveCfg = Release|Any CPU
		{F5C25F93-0B0A-4482-B305-4C28448AA55B}.Release|Any CPU.Build.0 = Release|Any CPU
		{F5C25F93-0B0A-4482-B305-4C28448AA55B}.Release|Mixed Platforms.ActiveCfg = Release|Any CPU
		{F5C25F93-0B0A-4482-B305-4C28448AA55B}.Release|Mixed Platforms.Build.0 = Release|Any CPU
		{F5C25F93-0B0A-4482-B305-4C28448AA55B}.Release|x64.ActiveCfg = Release|Any CPU
		{F5C25F93-0B0A-4482-B305-4C28448AA55B}.Release|x86.ActiveCfg = Release|Any CPU
		{F5C25F93-0B0A-4482-B305-4C28448AA55B}.Unity|Any CPU.ActiveCfg = Release|Any CPU
		{F5C25F93-0B0A-4482-B305-4C28448AA55B}.Unity|Any CPU.Build.0 = Release|Any CPU
		{F5C25F93-0B0A-4482-B305-4C28448AA55B}.Unity|Mixed Platforms.ActiveCfg = Release|Any CPU
		{F5C25F93-0B0A-4482-B305-4C28448AA55B}.Unity|Mixed Platforms.Build.0 = Release|Any CPU
		{F5C25F93-0B0A-4482-B305-4C28448AA55B}.Unity|x64.ActiveCfg = Release|Any CPU
		{F5C25F93-0B0A-4482-B305-4C28448AA55B}.Unity|x86.ActiveCfg = Release|Any CPU
		{F5C25F93-0B0A-4482-B305-4C28448AA55B}.UnityDeployment|Any CPU.ActiveCfg = Debug|Any CPU
		{F5C25F93-0B0A-4482-B305-4C28448AA55B}.UnityDeployment|Any CPU.Build.0 = Debug|Any CPU
		{F5C25F93-0B0A-4482-B305-4C28448AA55B}.UnityDeployment|Mixed Platforms.ActiveCfg = Release|x86
		{F5C25F93-0B0A-4482-B305-4C28448AA55B}.UnityDeployment|Mixed Platforms.Build.0 = Release|x86
		{F5C25F93-0B0A-4482-B305-4C28448AA55B}.UnityDeployment|x64.ActiveCfg = Debug|Any CPU
		{F5C25F93-0B0A-4482-B305-4C28448AA55B}.UnityDeployment|x86.ActiveCfg = Release|x86
		{F5C25F93-0B0A-4482-B305-4C28448AA55B}.UnityDeployment|x86.Build.0 = Release|x86
		{66E993B1-682A-4C23-BD17-810B276988D7}.BuildToUnity|Any CPU.ActiveCfg = Release|Any CPU
		{66E993B1-682A-4C23-BD17-810B276988D7}.BuildToUnity|Any CPU.Build.0 = Release|Any CPU
		{66E993B1-682A-4C23-BD17-810B276988D7}.BuildToUnity|Mixed Platforms.ActiveCfg = Release|Any CPU
		{66E993B1-682A-4C23-BD17-810B276988D7}.BuildToUnity|Mixed Platforms.Build.0 = Release|Any CPU
		{66E993B1-682A-4C23-BD17-810B276988D7}.BuildToUnity|x64.ActiveCfg = Release|Any CPU
		{66E993B1-682A-4C23-BD17-810B276988D7}.BuildToUnity|x86.ActiveCfg = Release|Any CPU
		{66E993B1-682A-4C23-BD17-810B276988D7}.CoreOnly|Any CPU.ActiveCfg = Release|Any CPU
		{66E993B1-682A-4C23-BD17-810B276988D7}.CoreOnly|Any CPU.Build.0 = Release|Any CPU
		{66E993B1-682A-4C23-BD17-810B276988D7}.CoreOnly|Mixed Platforms.ActiveCfg = Release|Any CPU
		{66E993B1-682A-4C23-BD17-810B276988D7}.CoreOnly|Mixed Platforms.Build.0 = Release|Any CPU
		{66E993B1-682A-4C23-BD17-810B276988D7}.CoreOnly|x64.ActiveCfg = Release|Any CPU
		{66E993B1-682A-4C23-BD17-810B276988D7}.CoreOnly|x86.ActiveCfg = Release|Any CPU
		{66E993B1-682A-4C23-BD17-810B276988D7}.Debug|Any CPU.ActiveCfg = Debug|Any CPU
		{66E993B1-682A-4C23-BD17-810B276988D7}.Debug|Any CPU.Build.0 = Debug|Any CPU
		{66E993B1-682A-4C23-BD17-810B276988D7}.Debug|Mixed Platforms.ActiveCfg = Debug|Any CPU
		{66E993B1-682A-4C23-BD17-810B276988D7}.Debug|Mixed Platforms.Build.0 = Debug|Any CPU
		{66E993B1-682A-4C23-BD17-810B276988D7}.Debug|x64.ActiveCfg = Debug|Any CPU
		{66E993B1-682A-4C23-BD17-810B276988D7}.Debug|x86.ActiveCfg = Debug|Any CPU
		{66E993B1-682A-4C23-BD17-810B276988D7}.iOS|Any CPU.ActiveCfg = Release|Any CPU
		{66E993B1-682A-4C23-BD17-810B276988D7}.iOS|Any CPU.Build.0 = Release|Any CPU
		{66E993B1-682A-4C23-BD17-810B276988D7}.iOS|Mixed Platforms.ActiveCfg = Release|Any CPU
		{66E993B1-682A-4C23-BD17-810B276988D7}.iOS|Mixed Platforms.Build.0 = Release|Any CPU
		{66E993B1-682A-4C23-BD17-810B276988D7}.iOS|x64.ActiveCfg = Release|Any CPU
		{66E993B1-682A-4C23-BD17-810B276988D7}.iOS|x86.ActiveCfg = Release|Any CPU
		{66E993B1-682A-4C23-BD17-810B276988D7}.Release|Any CPU.ActiveCfg = Release|Any CPU
		{66E993B1-682A-4C23-BD17-810B276988D7}.Release|Any CPU.Build.0 = Release|Any CPU
		{66E993B1-682A-4C23-BD17-810B276988D7}.Release|Mixed Platforms.ActiveCfg = Release|Any CPU
		{66E993B1-682A-4C23-BD17-810B276988D7}.Release|Mixed Platforms.Build.0 = Release|Any CPU
		{66E993B1-682A-4C23-BD17-810B276988D7}.Release|x64.ActiveCfg = Release|Any CPU
		{66E993B1-682A-4C23-BD17-810B276988D7}.Release|x86.ActiveCfg = Release|Any CPU
		{66E993B1-682A-4C23-BD17-810B276988D7}.Unity|Any CPU.ActiveCfg = Release|Any CPU
		{66E993B1-682A-4C23-BD17-810B276988D7}.Unity|Any CPU.Build.0 = Release|Any CPU
		{66E993B1-682A-4C23-BD17-810B276988D7}.Unity|Mixed Platforms.ActiveCfg = Release|Any CPU
		{66E993B1-682A-4C23-BD17-810B276988D7}.Unity|Mixed Platforms.Build.0 = Release|Any CPU
		{66E993B1-682A-4C23-BD17-810B276988D7}.Unity|x64.ActiveCfg = Release|Any CPU
		{66E993B1-682A-4C23-BD17-810B276988D7}.Unity|x86.ActiveCfg = Release|Any CPU
		{66E993B1-682A-4C23-BD17-810B276988D7}.UnityDeployment|Any CPU.ActiveCfg = Debug|Any CPU
		{66E993B1-682A-4C23-BD17-810B276988D7}.UnityDeployment|Any CPU.Build.0 = Debug|Any CPU
		{66E993B1-682A-4C23-BD17-810B276988D7}.UnityDeployment|Mixed Platforms.ActiveCfg = Debug|Any CPU
		{66E993B1-682A-4C23-BD17-810B276988D7}.UnityDeployment|Mixed Platforms.Build.0 = Debug|Any CPU
		{66E993B1-682A-4C23-BD17-810B276988D7}.UnityDeployment|x64.ActiveCfg = Debug|Any CPU
		{66E993B1-682A-4C23-BD17-810B276988D7}.UnityDeployment|x86.ActiveCfg = Debug|Any CPU
	EndGlobalSection
	GlobalSection(SolutionProperties) = preSolution
		HideSolutionNode = FALSE
	EndGlobalSection
	GlobalSection(NestedProjects) = preSolution
		{C5AAEEDB-51D2-49DA-855F-10FBD5961145} = {BD9D33B6-6A09-4DB1-9BBF-60810CB47FB7}
		{F5C25F93-0B0A-4482-B305-4C28448AA55B} = {BD9D33B6-6A09-4DB1-9BBF-60810CB47FB7}
		{66E993B1-682A-4C23-BD17-810B276988D7} = {BD9D33B6-6A09-4DB1-9BBF-60810CB47FB7}
	EndGlobalSection
EndGlobal
